// !$*UTF8*$!
{
	archiveVersion = 1;
	classes = {
	};
	objectVersion = 51;
	objects = {

/* Begin PBXBuildFile section */
		23C1B833C6B9B6F1380AE386 /* Pods_ReceiptsSorted.framework in Frameworks */ = {isa = PBXBuildFile; fileRef = DBE0FCEDA257F4EDE020329B /* Pods_ReceiptsSorted.framework */; };
		B504902424731A60009B4DA5 /* PaymentSelectionButtonView.swift in Sources */ = {isa = PBXBuildFile; fileRef = B504902324731A60009B4DA5 /* PaymentSelectionButtonView.swift */; };
		B5076BCF2457A28400C2BE34 /* Alerts.swift in Sources */ = {isa = PBXBuildFile; fileRef = B5076BCE2457A28400C2BE34 /* Alerts.swift */; };
		B50BAADB242B7DC200EAFECA /* AmountAnimation.swift in Sources */ = {isa = PBXBuildFile; fileRef = B50BAADA242B7DC200EAFECA /* AmountAnimation.swift */; };
		B50BAADD242BB8E000EAFECA /* SettingsViewController.swift in Sources */ = {isa = PBXBuildFile; fileRef = B50BAADC242BB8E000EAFECA /* SettingsViewController.swift */; };
		B50BAADF242BECEE00EAFECA /* StringExtensions.swift in Sources */ = {isa = PBXBuildFile; fileRef = B50BAADE242BECEE00EAFECA /* StringExtensions.swift */; };
		B514A36724BB74C00078E9A9 /* Currency.swift in Sources */ = {isa = PBXBuildFile; fileRef = B514A36624BB74C00078E9A9 /* Currency.swift */; };
		B514A36924BB759E0078E9A9 /* Common-Currency.json in Resources */ = {isa = PBXBuildFile; fileRef = B514A36824BB759E0078E9A9 /* Common-Currency.json */; };
		B514A36B24BB91990078E9A9 /* WorldCurrencies.swift in Sources */ = {isa = PBXBuildFile; fileRef = B514A36A24BB91990078E9A9 /* WorldCurrencies.swift */; };
		B516CF14243BF1F0003D09E1 /* PDFPreviewViewController.swift in Sources */ = {isa = PBXBuildFile; fileRef = B516CF12243BF1F0003D09E1 /* PDFPreviewViewController.swift */; };
		B516CF15243BF1F1003D09E1 /* PDFPreviewViewController.xib in Resources */ = {isa = PBXBuildFile; fileRef = B516CF13243BF1F0003D09E1 /* PDFPreviewViewController.xib */; };
		B517DD5F246B394B004B3B2C /* PaymentTotalInfo.swift in Sources */ = {isa = PBXBuildFile; fileRef = B517DD5E246B394B004B3B2C /* PaymentTotalInfo.swift */; };
		B5217ECE246C870B00CC31AB /* FileManagerExtensions.swift in Sources */ = {isa = PBXBuildFile; fileRef = B5217ECD246C870B00CC31AB /* FileManagerExtensions.swift */; };
		B526B4E2241B09A10031F629 /* Observable.swift in Sources */ = {isa = PBXBuildFile; fileRef = B526B4E1241B09A10031F629 /* Observable.swift */; };
		B528B73C24E69D8A00DC33E5 /* OnboardingUITests.swift in Sources */ = {isa = PBXBuildFile; fileRef = B528B73B24E69D8A00DC33E5 /* OnboardingUITests.swift */; };
		B528B73F24E6BD0100DC33E5 /* ShareUITests.swift in Sources */ = {isa = PBXBuildFile; fileRef = B528B73E24E6BD0100DC33E5 /* ShareUITests.swift */; };
		B52FA7D924E6116F0008F6F1 /* PaymentVcUITests.swift in Sources */ = {isa = PBXBuildFile; fileRef = B52FA7D824E6116F0008F6F1 /* PaymentVcUITests.swift */; };
		B535A1C0244BC320005585F0 /* Log.swift in Sources */ = {isa = PBXBuildFile; fileRef = B535A1BF244BC320005585F0 /* Log.swift */; };
		B5377C0023A82E280010B144 /* AppDelegate.swift in Sources */ = {isa = PBXBuildFile; fileRef = B5377BFF23A82E280010B144 /* AppDelegate.swift */; };
		B5377C0223A82E280010B144 /* SceneDelegate.swift in Sources */ = {isa = PBXBuildFile; fileRef = B5377C0123A82E280010B144 /* SceneDelegate.swift */; };
		B5377C0423A82E280010B144 /* ViewController.swift in Sources */ = {isa = PBXBuildFile; fileRef = B5377C0323A82E280010B144 /* ViewController.swift */; };
		B5377C0723A82E280010B144 /* Main.storyboard in Resources */ = {isa = PBXBuildFile; fileRef = B5377C0523A82E280010B144 /* Main.storyboard */; };
		B5377C0923A82E2A0010B144 /* Assets.xcassets in Resources */ = {isa = PBXBuildFile; fileRef = B5377C0823A82E2A0010B144 /* Assets.xcassets */; };
		B5377C0C23A82E2A0010B144 /* LaunchScreen.storyboard in Resources */ = {isa = PBXBuildFile; fileRef = B5377C0A23A82E2A0010B144 /* LaunchScreen.storyboard */; };
		B53A430624D224DF001A8AC8 /* SimplePDFBuilder.framework in Frameworks */ = {isa = PBXBuildFile; fileRef = B5743AC724D223D100930030 /* SimplePDFBuilder.framework */; };
		B53A430724D224DF001A8AC8 /* SimplePDFBuilder.framework in Embed Frameworks */ = {isa = PBXBuildFile; fileRef = B5743AC724D223D100930030 /* SimplePDFBuilder.framework */; settings = {ATTRIBUTES = (CodeSignOnCopy, RemoveHeadersOnCopy, ); }; };
		B5443FF024829E2A0037AA38 /* PaymentInformation.swift in Sources */ = {isa = PBXBuildFile; fileRef = B5443FEF24829E2A0037AA38 /* PaymentInformation.swift */; };
		B546A7A62471F77C00FB551D /* UIImageExtensions.swift in Sources */ = {isa = PBXBuildFile; fileRef = B546A7A52471F77C00FB551D /* UIImageExtensions.swift */; };
		B548CE0D246469C200342613 /* VibrationEnum.swift in Sources */ = {isa = PBXBuildFile; fileRef = B548CE0C246469C200342613 /* VibrationEnum.swift */; };
		B54967A824104E3500684A2F /* ImageCompression.swift in Sources */ = {isa = PBXBuildFile; fileRef = B54967A724104E3500684A2F /* ImageCompression.swift */; };
		B54967AD241167C000684A2F /* SortingDropDownMenu.swift in Sources */ = {isa = PBXBuildFile; fileRef = B54967AC241167C000684A2F /* SortingDropDownMenu.swift */; };
		B549C0B324BF0A1D003F148E /* AlertHelper.swift in Sources */ = {isa = PBXBuildFile; fileRef = B549C0B224BF0A1D003F148E /* AlertHelper.swift */; };
		B550E150245B2F0F000294B1 /* SortEnums+Ext.swift in Sources */ = {isa = PBXBuildFile; fileRef = B550E14F245B2F0F000294B1 /* SortEnums+Ext.swift */; };
		B554F963247718BA007C486A /* CardViewModel.swift in Sources */ = {isa = PBXBuildFile; fileRef = B554F962247718BA007C486A /* CardViewModel.swift */; };
		B561B391243BFBBA00F7B29B /* SimpleShapes.swift in Sources */ = {isa = PBXBuildFile; fileRef = B561B390243BFBBA00F7B29B /* SimpleShapes.swift */; };
		B564470B241027EB00B08AD3 /* AddButtonAnimations.swift in Sources */ = {isa = PBXBuildFile; fileRef = B564470A241027EB00B08AD3 /* AddButtonAnimations.swift */; };
		B565674024831619000A6639 /* ZipAdapter.swift in Sources */ = {isa = PBXBuildFile; fileRef = B565673F24831619000A6639 /* ZipAdapter.swift */; };
		B565E7CC24E60EFB00EFE703 /* WorkReceiptsTests.swift in Sources */ = {isa = PBXBuildFile; fileRef = B565E7CB24E60EFB00EFE703 /* WorkReceiptsTests.swift */; };
		B566604E242FA955003DD15B /* PaymentTableSection.swift in Sources */ = {isa = PBXBuildFile; fileRef = B566604D242FA955003DD15B /* PaymentTableSection.swift */; };
		B5666050242FB65F003DD15B /* IntExtensins.swift in Sources */ = {isa = PBXBuildFile; fileRef = B566604F242FB65F003DD15B /* IntExtensins.swift */; };
		B5683DFA24D759DF00828AFA /* DateHelper.swift in Sources */ = {isa = PBXBuildFile; fileRef = B5683DF924D759DF00828AFA /* DateHelper.swift */; };
		B5689D7224BB61D5005C46C5 /* ShareImagesViewModel.swift in Sources */ = {isa = PBXBuildFile; fileRef = B5689D7124BB61D5005C46C5 /* ShareImagesViewModel.swift */; };
		B56939D024CA474B00806953 /* Notification.NameExtension.swift in Sources */ = {isa = PBXBuildFile; fileRef = B56939CF24CA474B00806953 /* Notification.NameExtension.swift */; };
		B57145182474100800E0720C /* Navigation.swift in Sources */ = {isa = PBXBuildFile; fileRef = B57145172474100800E0720C /* Navigation.swift */; };
		B573FA9A23B81EC8005473D2 /* PaymentViewController.swift in Sources */ = {isa = PBXBuildFile; fileRef = B573FA9923B81EC8005473D2 /* PaymentViewController.swift */; };
		B573FAA423B95F57005473D2 /* Delegates.swift in Sources */ = {isa = PBXBuildFile; fileRef = B573FAA323B95F57005473D2 /* Delegates.swift */; };
		B573FAA823B98061005473D2 /* CircularTransition.swift in Sources */ = {isa = PBXBuildFile; fileRef = B573FAA723B98061005473D2 /* CircularTransition.swift */; };
		B573FAAB23B98285005473D2 /* CameraViewController.swift in Sources */ = {isa = PBXBuildFile; fileRef = B573FAA923B98285005473D2 /* CameraViewController.swift */; };
		B573FAAC23B98285005473D2 /* CameraViewController.xib in Resources */ = {isa = PBXBuildFile; fileRef = B573FAAA23B98285005473D2 /* CameraViewController.xib */; };
		B573FAAE23BA815F005473D2 /* CameraSession.swift in Sources */ = {isa = PBXBuildFile; fileRef = B573FAAD23BA815F005473D2 /* CameraSession.swift */; };
		B57419BE245F1BAB001228A1 /* DetailsViewController.swift in Sources */ = {isa = PBXBuildFile; fileRef = B57419BD245F1BAB001228A1 /* DetailsViewController.swift */; };
		B574A39D24E8325A00FDB5B1 /* TestCoreDataStack.swift in Sources */ = {isa = PBXBuildFile; fileRef = B574A39B24E82C7D00FDB5B1 /* TestCoreDataStack.swift */; };
		B575FD7224C8DA53007034D4 /* DBRequestBuilder.swift in Sources */ = {isa = PBXBuildFile; fileRef = B575FD7124C8DA53007034D4 /* DBRequestBuilder.swift */; };
		B57BCD1224C63EA50019D85A /* DatabaseFetchController.swift in Sources */ = {isa = PBXBuildFile; fileRef = B57BCD1124C63EA50019D85A /* DatabaseFetchController.swift */; };
		B57BCD1424C64F1F0019D85A /* NSPredicateExtensions.swift in Sources */ = {isa = PBXBuildFile; fileRef = B57BCD1324C64F1F0019D85A /* NSPredicateExtensions.swift */; };
		B57ECC572454A6BA003E9598 /* UITextFieldExtensions.swift in Sources */ = {isa = PBXBuildFile; fileRef = B57ECC562454A6BA003E9598 /* UITextFieldExtensions.swift */; };
		B58CC90A246DACE1006FEF00 /* ImageViewerCell.swift in Sources */ = {isa = PBXBuildFile; fileRef = B58CC909246DACE1006FEF00 /* ImageViewerCell.swift */; };
		B58CC932246DB9B5006FEF00 /* CollectionViewFlowLayout.swift in Sources */ = {isa = PBXBuildFile; fileRef = B58CC931246DB9B5006FEF00 /* CollectionViewFlowLayout.swift */; };
		B593962C2483D50600B1E895 /* ReceiptPhoto+CoreDataProperties.swift in Sources */ = {isa = PBXBuildFile; fileRef = B59396282483D50500B1E895 /* ReceiptPhoto+CoreDataProperties.swift */; };
		B593962D2483D50600B1E895 /* ReceiptPhoto+CoreDataClass.swift in Sources */ = {isa = PBXBuildFile; fileRef = B59396292483D50500B1E895 /* ReceiptPhoto+CoreDataClass.swift */; };
		B593962E2483D50600B1E895 /* Payment+CoreDataClass.swift in Sources */ = {isa = PBXBuildFile; fileRef = B593962A2483D50500B1E895 /* Payment+CoreDataClass.swift */; };
		B593962F2483D50600B1E895 /* Payment+CoreDataProperties.swift in Sources */ = {isa = PBXBuildFile; fileRef = B593962B2483D50600B1E895 /* Payment+CoreDataProperties.swift */; };
		B594125724E6889A0077BC7B /* XCUIApplication+Ext.swift in Sources */ = {isa = PBXBuildFile; fileRef = B594125624E6889A0077BC7B /* XCUIApplication+Ext.swift */; };
		B594125A24E688D00077BC7B /* XCUIElement+Ext.swift in Sources */ = {isa = PBXBuildFile; fileRef = B594125924E688D00077BC7B /* XCUIElement+Ext.swift */; };
		B5977E7C24C4729400F3E589 /* DatabaseAsync.swift in Sources */ = {isa = PBXBuildFile; fileRef = B5977E7B24C4729400F3E589 /* DatabaseAsync.swift */; };
		B5977E7E24C47F0400F3E589 /* CoreDataStack.swift in Sources */ = {isa = PBXBuildFile; fileRef = B5977E7D24C47F0400F3E589 /* CoreDataStack.swift */; };
		B598D8E724CDB80D00158766 /* CurrencyPickerHelper.swift in Sources */ = {isa = PBXBuildFile; fileRef = B598D8E624CDB80D00158766 /* CurrencyPickerHelper.swift */; };
		B598D8E924CDBD6500158766 /* ReceiptRemovalPickerHelper.swift in Sources */ = {isa = PBXBuildFile; fileRef = B598D8E824CDBD6500158766 /* ReceiptRemovalPickerHelper.swift */; };
		B59E3E2323B44DE80017D474 /* CardViewController.swift in Sources */ = {isa = PBXBuildFile; fileRef = B59E3E2123B44DE80017D474 /* CardViewController.swift */; };
		B59E3E2423B44DE80017D474 /* CardViewController.xib in Resources */ = {isa = PBXBuildFile; fileRef = B59E3E2223B44DE80017D474 /* CardViewController.xib */; };
		B59E3E2723B50D9F0017D474 /* PaymentTableViewCell.swift in Sources */ = {isa = PBXBuildFile; fileRef = B59E3E2523B50D9F0017D474 /* PaymentTableViewCell.swift */; };
		B59E3E2823B50D9F0017D474 /* PaymentTableViewCell.xib in Resources */ = {isa = PBXBuildFile; fileRef = B59E3E2623B50D9F0017D474 /* PaymentTableViewCell.xib */; };
		B59E3E2C23B53FEF0017D474 /* Enums.swift in Sources */ = {isa = PBXBuildFile; fileRef = B59E3E2B23B53FEF0017D474 /* Enums.swift */; };
		B59EB41524D9E57D00AB16FC /* SettingsUserDefaults.swift in Sources */ = {isa = PBXBuildFile; fileRef = B59EB41424D9E57D00AB16FC /* SettingsUserDefaults.swift */; };
		B59EB41E24D9F59500AB16FC /* MulticastDelegate.swift in Sources */ = {isa = PBXBuildFile; fileRef = B59EB41D24D9F59500AB16FC /* MulticastDelegate.swift */; };
		B5A4357D24DE03EC00559908 /* AsyncOperation.swift in Sources */ = {isa = PBXBuildFile; fileRef = B5A4357C24DE03EC00559908 /* AsyncOperation.swift */; };
		B5A4358124DE08B700559908 /* DirectoryCreatorOperation.swift in Sources */ = {isa = PBXBuildFile; fileRef = B5A4358024DE08B700559908 /* DirectoryCreatorOperation.swift */; };
		B5A4358324DE10EF00559908 /* DirectoryHelper.swift in Sources */ = {isa = PBXBuildFile; fileRef = B5A4358224DE10EF00559908 /* DirectoryHelper.swift */; };
		B5A4358524DE1BF900559908 /* AddPhotosOperation.swift in Sources */ = {isa = PBXBuildFile; fileRef = B5A4358424DE1BF900559908 /* AddPhotosOperation.swift */; };
		B5A4358724DE1CB500559908 /* OperationProtocols.swift in Sources */ = {isa = PBXBuildFile; fileRef = B5A4358624DE1CB500559908 /* OperationProtocols.swift */; };
		B5A4358924DE284500559908 /* ZipDirectoryOperation.swift in Sources */ = {isa = PBXBuildFile; fileRef = B5A4358824DE284500559908 /* ZipDirectoryOperation.swift */; };
		B5A4358D24DEC2FA00559908 /* IndicatorAnimation.swift in Sources */ = {isa = PBXBuildFile; fileRef = B5A4358C24DEC2FA00559908 /* IndicatorAnimation.swift */; };
		B5AC4AAF2453940E00D6F6D3 /* UISegmentedControlExtensions.swift in Sources */ = {isa = PBXBuildFile; fileRef = B5AC4AAE2453940E00D6F6D3 /* UISegmentedControlExtensions.swift */; };
		B5AD17DD240464CB00BB3069 /* TopGraphicsShapes.swift in Sources */ = {isa = PBXBuildFile; fileRef = B5AD17DC240464CB00BB3069 /* TopGraphicsShapes.swift */; };
		B5AD17E32404757300BB3069 /* CardGesturesViewModel.swift in Sources */ = {isa = PBXBuildFile; fileRef = B5AD17E22404757300BB3069 /* CardGesturesViewModel.swift */; };
		B5B3378924E0A10800116183 /* WarningPopoverHelper.swift in Sources */ = {isa = PBXBuildFile; fileRef = B5B3378824E0A10800116183 /* WarningPopoverHelper.swift */; };
		B5B6758023CF70F400291D31 /* TextRecogniser.swift in Sources */ = {isa = PBXBuildFile; fileRef = B5B6757F23CF70F400291D31 /* TextRecogniser.swift */; };
		B5B6758223CF724000291D31 /* ImageManipulator.swift in Sources */ = {isa = PBXBuildFile; fileRef = B5B6758123CF724000291D31 /* ImageManipulator.swift */; };
		B5BA07662485A4FE00097E2C /* UIFontExtensions.swift in Sources */ = {isa = PBXBuildFile; fileRef = B5BA07652485A4FE00097E2C /* UIFontExtensions.swift */; };
		B5BA07682486E81900097E2C /* OnboardingText.swift in Sources */ = {isa = PBXBuildFile; fileRef = B5BA07672486E81800097E2C /* OnboardingText.swift */; };
		B5BA5F482489130500AC026A /* UserChecker.swift in Sources */ = {isa = PBXBuildFile; fileRef = B5BA5F472489130500AC026A /* UserChecker.swift */; };
		B5C42C2C246C8E9900238F68 /* ShareImagesViewController.swift in Sources */ = {isa = PBXBuildFile; fileRef = B5C42C2B246C8E9900238F68 /* ShareImagesViewController.swift */; };
		B5D70A6B245338530080BF81 /* TopGraphicsView.swift in Sources */ = {isa = PBXBuildFile; fileRef = B5D70A6A245338530080BF81 /* TopGraphicsView.swift */; };
		B5D70A6D24534DCA0080BF81 /* AddButtonView.swift in Sources */ = {isa = PBXBuildFile; fileRef = B5D70A6C24534DCA0080BF81 /* AddButtonView.swift */; };
		B5DB922323BE929F0081E8D7 /* PaymentsData.xcdatamodeld in Sources */ = {isa = PBXBuildFile; fileRef = B5DB922123BE929F0081E8D7 /* PaymentsData.xcdatamodeld */; };
		B5DFF55724842629003CEDA3 /* OnboardingViewController.swift in Sources */ = {isa = PBXBuildFile; fileRef = B5DFF55624842629003CEDA3 /* OnboardingViewController.swift */; };
		B5DFF55C24843B02003CEDA3 /* ShowElementView.swift in Sources */ = {isa = PBXBuildFile; fileRef = B5DFF55B24843B02003CEDA3 /* ShowElementView.swift */; };
		B5E3086824BE532E003D5860 /* NavControllerTransitions.swift in Sources */ = {isa = PBXBuildFile; fileRef = B5E3086724BE532E003D5860 /* NavControllerTransitions.swift */; };
		B5E3C3782445403B00AD59AC /* ImageGestures.swift in Sources */ = {isa = PBXBuildFile; fileRef = B5E3C3772445403B00AD59AC /* ImageGestures.swift */; };
		B5EB7C9D24D45AC6007EC8F4 /* DateAnimation.swift in Sources */ = {isa = PBXBuildFile; fileRef = B5EB7C9C24D45AC6007EC8F4 /* DateAnimation.swift */; };
		B5ED9A3A248595BC00FA7A7B /* OnboardingInfo.swift in Sources */ = {isa = PBXBuildFile; fileRef = B5ED9A39248595BC00FA7A7B /* OnboardingInfo.swift */; };
		B5ED9A3C2485A10300FA7A7B /* WelcomeView.swift in Sources */ = {isa = PBXBuildFile; fileRef = B5ED9A3B2485A10300FA7A7B /* WelcomeView.swift */; };
		B5ED9A3E2485A21300FA7A7B /* TextHelper.swift in Sources */ = {isa = PBXBuildFile; fileRef = B5ED9A3D2485A21300FA7A7B /* TextHelper.swift */; };
		B5EE0EA124D36133006C66CD /* SelectedUUIDs.swift in Sources */ = {isa = PBXBuildFile; fileRef = B5EE0EA024D36133006C66CD /* SelectedUUIDs.swift */; };
		B5F54E85241E783C0016DCED /* UIViewExtensions.swift in Sources */ = {isa = PBXBuildFile; fileRef = B5F54E84241E783C0016DCED /* UIViewExtensions.swift */; };
		B5F54E87241E78750016DCED /* UIColorExtensions.swift in Sources */ = {isa = PBXBuildFile; fileRef = B5F54E86241E78750016DCED /* UIColorExtensions.swift */; };
		B5F54E89241E789D0016DCED /* CALayerExtensions.swift in Sources */ = {isa = PBXBuildFile; fileRef = B5F54E88241E789D0016DCED /* CALayerExtensions.swift */; };
		B5F54E8B241E78C70016DCED /* DateExtensions.swift in Sources */ = {isa = PBXBuildFile; fileRef = B5F54E8A241E78C70016DCED /* DateExtensions.swift */; };
		B5F54E8D241E78E60016DCED /* FloatExtensions.swift in Sources */ = {isa = PBXBuildFile; fileRef = B5F54E8C241E78E60016DCED /* FloatExtensions.swift */; };
		B5FD65FB242EC9C7002C5C48 /* CardTableHeader.swift in Sources */ = {isa = PBXBuildFile; fileRef = B5FD65FA242EC9C7002C5C48 /* CardTableHeader.swift */; };
		B5FDDC03241443950037BA7E /* SwipeActionsViewModel.swift in Sources */ = {isa = PBXBuildFile; fileRef = B5FDDC02241443950037BA7E /* SwipeActionsViewModel.swift */; };
		B5FDE69924E595AF009B997F /* PushNotificationManager.swift in Sources */ = {isa = PBXBuildFile; fileRef = B5FDE69824E595AF009B997F /* PushNotificationManager.swift */; };
		B5FDE69B24E59A77009B997F /* PushNotificationRequestBuilder.swift in Sources */ = {isa = PBXBuildFile; fileRef = B5FDE69A24E59A77009B997F /* PushNotificationRequestBuilder.swift */; };
/* End PBXBuildFile section */

/* Begin PBXContainerItemProxy section */
		B52FA7DB24E6116F0008F6F1 /* PBXContainerItemProxy */ = {
			isa = PBXContainerItemProxy;
			containerPortal = B5377BF423A82E280010B144 /* Project object */;
			proxyType = 1;
			remoteGlobalIDString = B5377BFB23A82E280010B144;
			remoteInfo = ReceiptsSorted;
		};
		B565E7CE24E60EFB00EFE703 /* PBXContainerItemProxy */ = {
			isa = PBXContainerItemProxy;
			containerPortal = B5377BF423A82E280010B144 /* Project object */;
			proxyType = 1;
			remoteGlobalIDString = B5377BFB23A82E280010B144;
			remoteInfo = ReceiptsSorted;
		};
		B5743AC624D223D100930030 /* PBXContainerItemProxy */ = {
			isa = PBXContainerItemProxy;
			containerPortal = B5743AC224D223D100930030 /* SimplePDFBuilder.xcodeproj */;
			proxyType = 2;
			remoteGlobalIDString = B5BE410924A0B48300A2078E;
			remoteInfo = SimplePDFBuilder;
		};
/* End PBXContainerItemProxy section */

/* Begin PBXCopyFilesBuildPhase section */
		B53A430824D224DF001A8AC8 /* Embed Frameworks */ = {
			isa = PBXCopyFilesBuildPhase;
			buildActionMask = 2147483647;
			dstPath = "";
			dstSubfolderSpec = 10;
			files = (
				B53A430724D224DF001A8AC8 /* SimplePDFBuilder.framework in Embed Frameworks */,
			);
			name = "Embed Frameworks";
			runOnlyForDeploymentPostprocessing = 0;
		};
/* End PBXCopyFilesBuildPhase section */

/* Begin PBXFileReference section */
		0684F8876FBD25DAACD5A6E3 /* Pods-ReceiptsSorted.debug.xcconfig */ = {isa = PBXFileReference; includeInIndex = 1; lastKnownFileType = text.xcconfig; name = "Pods-ReceiptsSorted.debug.xcconfig"; path = "Target Support Files/Pods-ReceiptsSorted/Pods-ReceiptsSorted.debug.xcconfig"; sourceTree = "<group>"; };
		B504902324731A60009B4DA5 /* PaymentSelectionButtonView.swift */ = {isa = PBXFileReference; lastKnownFileType = sourcecode.swift; path = PaymentSelectionButtonView.swift; sourceTree = "<group>"; };
		B5076BCE2457A28400C2BE34 /* Alerts.swift */ = {isa = PBXFileReference; lastKnownFileType = sourcecode.swift; path = Alerts.swift; sourceTree = "<group>"; };
		B50BAADA242B7DC200EAFECA /* AmountAnimation.swift */ = {isa = PBXFileReference; lastKnownFileType = sourcecode.swift; path = AmountAnimation.swift; sourceTree = "<group>"; };
		B50BAADC242BB8E000EAFECA /* SettingsViewController.swift */ = {isa = PBXFileReference; lastKnownFileType = sourcecode.swift; path = SettingsViewController.swift; sourceTree = "<group>"; };
		B50BAADE242BECEE00EAFECA /* StringExtensions.swift */ = {isa = PBXFileReference; lastKnownFileType = sourcecode.swift; path = StringExtensions.swift; sourceTree = "<group>"; };
		B514A36624BB74C00078E9A9 /* Currency.swift */ = {isa = PBXFileReference; lastKnownFileType = sourcecode.swift; path = Currency.swift; sourceTree = "<group>"; };
		B514A36824BB759E0078E9A9 /* Common-Currency.json */ = {isa = PBXFileReference; fileEncoding = 4; lastKnownFileType = text.json; path = "Common-Currency.json"; sourceTree = "<group>"; };
		B514A36A24BB91990078E9A9 /* WorldCurrencies.swift */ = {isa = PBXFileReference; lastKnownFileType = sourcecode.swift; path = WorldCurrencies.swift; sourceTree = "<group>"; };
		B516CF12243BF1F0003D09E1 /* PDFPreviewViewController.swift */ = {isa = PBXFileReference; lastKnownFileType = sourcecode.swift; path = PDFPreviewViewController.swift; sourceTree = "<group>"; };
		B516CF13243BF1F0003D09E1 /* PDFPreviewViewController.xib */ = {isa = PBXFileReference; lastKnownFileType = file.xib; path = PDFPreviewViewController.xib; sourceTree = "<group>"; };
		B517DD5E246B394B004B3B2C /* PaymentTotalInfo.swift */ = {isa = PBXFileReference; lastKnownFileType = sourcecode.swift; path = PaymentTotalInfo.swift; sourceTree = "<group>"; };
		B5217ECD246C870B00CC31AB /* FileManagerExtensions.swift */ = {isa = PBXFileReference; lastKnownFileType = sourcecode.swift; path = FileManagerExtensions.swift; sourceTree = "<group>"; };
		B526B4E1241B09A10031F629 /* Observable.swift */ = {isa = PBXFileReference; lastKnownFileType = sourcecode.swift; path = Observable.swift; sourceTree = "<group>"; };
		B528B73B24E69D8A00DC33E5 /* OnboardingUITests.swift */ = {isa = PBXFileReference; lastKnownFileType = sourcecode.swift; path = OnboardingUITests.swift; sourceTree = "<group>"; };
		B528B73E24E6BD0100DC33E5 /* ShareUITests.swift */ = {isa = PBXFileReference; lastKnownFileType = sourcecode.swift; path = ShareUITests.swift; sourceTree = "<group>"; };
		B52FA7CF24E6112E0008F6F1 /* CropViewController.framework */ = {isa = PBXFileReference; explicitFileType = wrapper.framework; path = CropViewController.framework; sourceTree = BUILT_PRODUCTS_DIR; };
		B52FA7D624E6116F0008F6F1 /* WorkReceiptsUITests.xctest */ = {isa = PBXFileReference; explicitFileType = wrapper.cfbundle; includeInIndex = 0; path = WorkReceiptsUITests.xctest; sourceTree = BUILT_PRODUCTS_DIR; };
		B52FA7D824E6116F0008F6F1 /* PaymentVcUITests.swift */ = {isa = PBXFileReference; lastKnownFileType = sourcecode.swift; path = PaymentVcUITests.swift; sourceTree = "<group>"; };
		B52FA7DA24E6116F0008F6F1 /* Info.plist */ = {isa = PBXFileReference; lastKnownFileType = text.plist.xml; path = Info.plist; sourceTree = "<group>"; };
		B535A1BF244BC320005585F0 /* Log.swift */ = {isa = PBXFileReference; lastKnownFileType = sourcecode.swift; path = Log.swift; sourceTree = "<group>"; };
		B5377BFC23A82E280010B144 /* WorkReceipts.app */ = {isa = PBXFileReference; explicitFileType = wrapper.application; includeInIndex = 0; path = WorkReceipts.app; sourceTree = BUILT_PRODUCTS_DIR; };
		B5377BFF23A82E280010B144 /* AppDelegate.swift */ = {isa = PBXFileReference; lastKnownFileType = sourcecode.swift; path = AppDelegate.swift; sourceTree = "<group>"; };
		B5377C0123A82E280010B144 /* SceneDelegate.swift */ = {isa = PBXFileReference; lastKnownFileType = sourcecode.swift; path = SceneDelegate.swift; sourceTree = "<group>"; };
		B5377C0323A82E280010B144 /* ViewController.swift */ = {isa = PBXFileReference; lastKnownFileType = sourcecode.swift; path = ViewController.swift; sourceTree = "<group>"; };
		B5377C0623A82E280010B144 /* Base */ = {isa = PBXFileReference; lastKnownFileType = file.storyboard; name = Base; path = Base.lproj/Main.storyboard; sourceTree = "<group>"; };
		B5377C0823A82E2A0010B144 /* Assets.xcassets */ = {isa = PBXFileReference; lastKnownFileType = folder.assetcatalog; path = Assets.xcassets; sourceTree = "<group>"; };
		B5377C0B23A82E2A0010B144 /* Base */ = {isa = PBXFileReference; lastKnownFileType = file.storyboard; name = Base; path = Base.lproj/LaunchScreen.storyboard; sourceTree = "<group>"; };
		B5377C0D23A82E2A0010B144 /* Info.plist */ = {isa = PBXFileReference; lastKnownFileType = text.plist.xml; path = Info.plist; sourceTree = "<group>"; };
		B5443FEF24829E2A0037AA38 /* PaymentInformation.swift */ = {isa = PBXFileReference; lastKnownFileType = sourcecode.swift; path = PaymentInformation.swift; sourceTree = "<group>"; };
		B546A7A52471F77C00FB551D /* UIImageExtensions.swift */ = {isa = PBXFileReference; lastKnownFileType = sourcecode.swift; path = UIImageExtensions.swift; sourceTree = "<group>"; };
		B5470F2B20BCB16126F229BA /* Pods-ReceiptsSorted.release.xcconfig */ = {isa = PBXFileReference; includeInIndex = 1; lastKnownFileType = text.xcconfig; name = "Pods-ReceiptsSorted.release.xcconfig"; path = "Target Support Files/Pods-ReceiptsSorted/Pods-ReceiptsSorted.release.xcconfig"; sourceTree = "<group>"; };
		B548CE0C246469C200342613 /* VibrationEnum.swift */ = {isa = PBXFileReference; lastKnownFileType = sourcecode.swift; path = VibrationEnum.swift; sourceTree = "<group>"; };
		B54967A724104E3500684A2F /* ImageCompression.swift */ = {isa = PBXFileReference; lastKnownFileType = sourcecode.swift; path = ImageCompression.swift; sourceTree = "<group>"; };
		B54967AC241167C000684A2F /* SortingDropDownMenu.swift */ = {isa = PBXFileReference; lastKnownFileType = sourcecode.swift; path = SortingDropDownMenu.swift; sourceTree = "<group>"; };
		B549C0B224BF0A1D003F148E /* AlertHelper.swift */ = {isa = PBXFileReference; lastKnownFileType = sourcecode.swift; path = AlertHelper.swift; sourceTree = "<group>"; };
		B550E14F245B2F0F000294B1 /* SortEnums+Ext.swift */ = {isa = PBXFileReference; lastKnownFileType = sourcecode.swift; path = "SortEnums+Ext.swift"; sourceTree = "<group>"; };
		B554F962247718BA007C486A /* CardViewModel.swift */ = {isa = PBXFileReference; lastKnownFileType = sourcecode.swift; path = CardViewModel.swift; sourceTree = "<group>"; };
		B561B390243BFBBA00F7B29B /* SimpleShapes.swift */ = {isa = PBXFileReference; fileEncoding = 4; lastKnownFileType = sourcecode.swift; path = SimpleShapes.swift; sourceTree = "<group>"; };
		B564470A241027EB00B08AD3 /* AddButtonAnimations.swift */ = {isa = PBXFileReference; lastKnownFileType = sourcecode.swift; path = AddButtonAnimations.swift; sourceTree = "<group>"; };
		B565673F24831619000A6639 /* ZipAdapter.swift */ = {isa = PBXFileReference; lastKnownFileType = sourcecode.swift; path = ZipAdapter.swift; sourceTree = "<group>"; };
		B565E7C924E60EFB00EFE703 /* WorkReceiptsTests.xctest */ = {isa = PBXFileReference; explicitFileType = wrapper.cfbundle; includeInIndex = 0; path = WorkReceiptsTests.xctest; sourceTree = BUILT_PRODUCTS_DIR; };
		B565E7CB24E60EFB00EFE703 /* WorkReceiptsTests.swift */ = {isa = PBXFileReference; lastKnownFileType = sourcecode.swift; path = WorkReceiptsTests.swift; sourceTree = "<group>"; };
		B565E7CD24E60EFB00EFE703 /* Info.plist */ = {isa = PBXFileReference; lastKnownFileType = text.plist.xml; path = Info.plist; sourceTree = "<group>"; };
		B565E7D324E60FDE00EFE703 /* libCropViewController.a */ = {isa = PBXFileReference; explicitFileType = archive.ar; path = libCropViewController.a; sourceTree = BUILT_PRODUCTS_DIR; };
		B565E7D524E60FE200EFE703 /* libZip.a */ = {isa = PBXFileReference; explicitFileType = archive.ar; path = libZip.a; sourceTree = BUILT_PRODUCTS_DIR; };
		B565E7D724E60FE600EFE703 /* TOCropViewControllerBundle.bundle */ = {isa = PBXFileReference; explicitFileType = wrapper.cfbundle; path = TOCropViewControllerBundle.bundle; sourceTree = BUILT_PRODUCTS_DIR; };
		B566604D242FA955003DD15B /* PaymentTableSection.swift */ = {isa = PBXFileReference; lastKnownFileType = sourcecode.swift; path = PaymentTableSection.swift; sourceTree = "<group>"; };
		B566604F242FB65F003DD15B /* IntExtensins.swift */ = {isa = PBXFileReference; lastKnownFileType = sourcecode.swift; path = IntExtensins.swift; sourceTree = "<group>"; };
		B5683DF924D759DF00828AFA /* DateHelper.swift */ = {isa = PBXFileReference; lastKnownFileType = sourcecode.swift; path = DateHelper.swift; sourceTree = "<group>"; };
		B5689D7124BB61D5005C46C5 /* ShareImagesViewModel.swift */ = {isa = PBXFileReference; lastKnownFileType = sourcecode.swift; path = ShareImagesViewModel.swift; sourceTree = "<group>"; };
		B56939CF24CA474B00806953 /* Notification.NameExtension.swift */ = {isa = PBXFileReference; lastKnownFileType = sourcecode.swift; path = Notification.NameExtension.swift; sourceTree = "<group>"; };
		B57145172474100800E0720C /* Navigation.swift */ = {isa = PBXFileReference; lastKnownFileType = sourcecode.swift; path = Navigation.swift; sourceTree = "<group>"; };
		B573FA9923B81EC8005473D2 /* PaymentViewController.swift */ = {isa = PBXFileReference; lastKnownFileType = sourcecode.swift; path = PaymentViewController.swift; sourceTree = "<group>"; };
		B573FAA323B95F57005473D2 /* Delegates.swift */ = {isa = PBXFileReference; lastKnownFileType = sourcecode.swift; path = Delegates.swift; sourceTree = "<group>"; };
		B573FAA723B98061005473D2 /* CircularTransition.swift */ = {isa = PBXFileReference; lastKnownFileType = sourcecode.swift; path = CircularTransition.swift; sourceTree = "<group>"; };
		B573FAA923B98285005473D2 /* CameraViewController.swift */ = {isa = PBXFileReference; lastKnownFileType = sourcecode.swift; path = CameraViewController.swift; sourceTree = "<group>"; };
		B573FAAA23B98285005473D2 /* CameraViewController.xib */ = {isa = PBXFileReference; lastKnownFileType = file.xib; path = CameraViewController.xib; sourceTree = "<group>"; };
		B573FAAD23BA815F005473D2 /* CameraSession.swift */ = {isa = PBXFileReference; lastKnownFileType = sourcecode.swift; path = CameraSession.swift; sourceTree = "<group>"; };
		B57419BD245F1BAB001228A1 /* DetailsViewController.swift */ = {isa = PBXFileReference; lastKnownFileType = sourcecode.swift; path = DetailsViewController.swift; sourceTree = "<group>"; };
		B5743AC224D223D100930030 /* SimplePDFBuilder.xcodeproj */ = {isa = PBXFileReference; lastKnownFileType = "wrapper.pb-project"; name = SimplePDFBuilder.xcodeproj; path = ../SimplePDFBuilder/SimplePDFBuilder.xcodeproj; sourceTree = "<group>"; };
		B574A39B24E82C7D00FDB5B1 /* TestCoreDataStack.swift */ = {isa = PBXFileReference; fileEncoding = 4; lastKnownFileType = sourcecode.swift; path = TestCoreDataStack.swift; sourceTree = "<group>"; };
		B575FD7124C8DA53007034D4 /* DBRequestBuilder.swift */ = {isa = PBXFileReference; lastKnownFileType = sourcecode.swift; path = DBRequestBuilder.swift; sourceTree = "<group>"; };
		B57BCD1124C63EA50019D85A /* DatabaseFetchController.swift */ = {isa = PBXFileReference; lastKnownFileType = sourcecode.swift; path = DatabaseFetchController.swift; sourceTree = "<group>"; };
		B57BCD1324C64F1F0019D85A /* NSPredicateExtensions.swift */ = {isa = PBXFileReference; lastKnownFileType = sourcecode.swift; path = NSPredicateExtensions.swift; sourceTree = "<group>"; };
		B57ECC562454A6BA003E9598 /* UITextFieldExtensions.swift */ = {isa = PBXFileReference; lastKnownFileType = sourcecode.swift; path = UITextFieldExtensions.swift; sourceTree = "<group>"; };
		B58CC909246DACE1006FEF00 /* ImageViewerCell.swift */ = {isa = PBXFileReference; lastKnownFileType = sourcecode.swift; path = ImageViewerCell.swift; sourceTree = "<group>"; };
		B58CC931246DB9B5006FEF00 /* CollectionViewFlowLayout.swift */ = {isa = PBXFileReference; fileEncoding = 4; lastKnownFileType = sourcecode.swift; path = CollectionViewFlowLayout.swift; sourceTree = "<group>"; };
		B59396282483D50500B1E895 /* ReceiptPhoto+CoreDataProperties.swift */ = {isa = PBXFileReference; fileEncoding = 4; lastKnownFileType = sourcecode.swift; path = "ReceiptPhoto+CoreDataProperties.swift"; sourceTree = "<group>"; };
		B59396292483D50500B1E895 /* ReceiptPhoto+CoreDataClass.swift */ = {isa = PBXFileReference; fileEncoding = 4; lastKnownFileType = sourcecode.swift; path = "ReceiptPhoto+CoreDataClass.swift"; sourceTree = "<group>"; };
		B593962A2483D50500B1E895 /* Payment+CoreDataClass.swift */ = {isa = PBXFileReference; fileEncoding = 4; lastKnownFileType = sourcecode.swift; path = "Payment+CoreDataClass.swift"; sourceTree = "<group>"; };
		B593962B2483D50600B1E895 /* Payment+CoreDataProperties.swift */ = {isa = PBXFileReference; fileEncoding = 4; lastKnownFileType = sourcecode.swift; path = "Payment+CoreDataProperties.swift"; sourceTree = "<group>"; };
		B594125624E6889A0077BC7B /* XCUIApplication+Ext.swift */ = {isa = PBXFileReference; lastKnownFileType = sourcecode.swift; path = "XCUIApplication+Ext.swift"; sourceTree = "<group>"; };
		B594125924E688D00077BC7B /* XCUIElement+Ext.swift */ = {isa = PBXFileReference; lastKnownFileType = sourcecode.swift; path = "XCUIElement+Ext.swift"; sourceTree = "<group>"; };
		B5977E7B24C4729400F3E589 /* DatabaseAsync.swift */ = {isa = PBXFileReference; lastKnownFileType = sourcecode.swift; path = DatabaseAsync.swift; sourceTree = "<group>"; };
		B5977E7D24C47F0400F3E589 /* CoreDataStack.swift */ = {isa = PBXFileReference; lastKnownFileType = sourcecode.swift; path = CoreDataStack.swift; sourceTree = "<group>"; };
		B598D8E624CDB80D00158766 /* CurrencyPickerHelper.swift */ = {isa = PBXFileReference; lastKnownFileType = sourcecode.swift; path = CurrencyPickerHelper.swift; sourceTree = "<group>"; };
		B598D8E824CDBD6500158766 /* ReceiptRemovalPickerHelper.swift */ = {isa = PBXFileReference; lastKnownFileType = sourcecode.swift; path = ReceiptRemovalPickerHelper.swift; sourceTree = "<group>"; };
		B59E3E2123B44DE80017D474 /* CardViewController.swift */ = {isa = PBXFileReference; lastKnownFileType = sourcecode.swift; path = CardViewController.swift; sourceTree = "<group>"; };
		B59E3E2223B44DE80017D474 /* CardViewController.xib */ = {isa = PBXFileReference; lastKnownFileType = file.xib; path = CardViewController.xib; sourceTree = "<group>"; };
		B59E3E2523B50D9F0017D474 /* PaymentTableViewCell.swift */ = {isa = PBXFileReference; lastKnownFileType = sourcecode.swift; path = PaymentTableViewCell.swift; sourceTree = "<group>"; };
		B59E3E2623B50D9F0017D474 /* PaymentTableViewCell.xib */ = {isa = PBXFileReference; lastKnownFileType = file.xib; path = PaymentTableViewCell.xib; sourceTree = "<group>"; };
		B59E3E2B23B53FEF0017D474 /* Enums.swift */ = {isa = PBXFileReference; lastKnownFileType = sourcecode.swift; path = Enums.swift; sourceTree = "<group>"; };
		B59EB41424D9E57D00AB16FC /* SettingsUserDefaults.swift */ = {isa = PBXFileReference; lastKnownFileType = sourcecode.swift; path = SettingsUserDefaults.swift; sourceTree = "<group>"; };
		B59EB41D24D9F59500AB16FC /* MulticastDelegate.swift */ = {isa = PBXFileReference; lastKnownFileType = sourcecode.swift; path = MulticastDelegate.swift; sourceTree = "<group>"; };
		B5A4357C24DE03EC00559908 /* AsyncOperation.swift */ = {isa = PBXFileReference; lastKnownFileType = sourcecode.swift; path = AsyncOperation.swift; sourceTree = "<group>"; };
		B5A4358024DE08B700559908 /* DirectoryCreatorOperation.swift */ = {isa = PBXFileReference; lastKnownFileType = sourcecode.swift; path = DirectoryCreatorOperation.swift; sourceTree = "<group>"; };
		B5A4358224DE10EF00559908 /* DirectoryHelper.swift */ = {isa = PBXFileReference; lastKnownFileType = sourcecode.swift; path = DirectoryHelper.swift; sourceTree = "<group>"; };
		B5A4358424DE1BF900559908 /* AddPhotosOperation.swift */ = {isa = PBXFileReference; lastKnownFileType = sourcecode.swift; path = AddPhotosOperation.swift; sourceTree = "<group>"; };
		B5A4358624DE1CB500559908 /* OperationProtocols.swift */ = {isa = PBXFileReference; lastKnownFileType = sourcecode.swift; path = OperationProtocols.swift; sourceTree = "<group>"; };
		B5A4358824DE284500559908 /* ZipDirectoryOperation.swift */ = {isa = PBXFileReference; lastKnownFileType = sourcecode.swift; path = ZipDirectoryOperation.swift; sourceTree = "<group>"; };
		B5A4358C24DEC2FA00559908 /* IndicatorAnimation.swift */ = {isa = PBXFileReference; lastKnownFileType = sourcecode.swift; path = IndicatorAnimation.swift; sourceTree = "<group>"; };
		B5AC4AAE2453940E00D6F6D3 /* UISegmentedControlExtensions.swift */ = {isa = PBXFileReference; lastKnownFileType = sourcecode.swift; path = UISegmentedControlExtensions.swift; sourceTree = "<group>"; };
		B5AD17DC240464CB00BB3069 /* TopGraphicsShapes.swift */ = {isa = PBXFileReference; lastKnownFileType = sourcecode.swift; path = TopGraphicsShapes.swift; sourceTree = "<group>"; };
		B5AD17E22404757300BB3069 /* CardGesturesViewModel.swift */ = {isa = PBXFileReference; lastKnownFileType = sourcecode.swift; path = CardGesturesViewModel.swift; sourceTree = "<group>"; };
		B5B3378824E0A10800116183 /* WarningPopoverHelper.swift */ = {isa = PBXFileReference; lastKnownFileType = sourcecode.swift; path = WarningPopoverHelper.swift; sourceTree = "<group>"; };
		B5B3378A24E0BA6F00116183 /* WorkReceipts.entitlements */ = {isa = PBXFileReference; lastKnownFileType = text.plist.entitlements; path = WorkReceipts.entitlements; sourceTree = "<group>"; };
		B5B6757F23CF70F400291D31 /* TextRecogniser.swift */ = {isa = PBXFileReference; lastKnownFileType = sourcecode.swift; path = TextRecogniser.swift; sourceTree = "<group>"; };
		B5B6758123CF724000291D31 /* ImageManipulator.swift */ = {isa = PBXFileReference; lastKnownFileType = sourcecode.swift; path = ImageManipulator.swift; sourceTree = "<group>"; };
		B5BA07652485A4FE00097E2C /* UIFontExtensions.swift */ = {isa = PBXFileReference; lastKnownFileType = sourcecode.swift; path = UIFontExtensions.swift; sourceTree = "<group>"; };
		B5BA07672486E81800097E2C /* OnboardingText.swift */ = {isa = PBXFileReference; lastKnownFileType = sourcecode.swift; path = OnboardingText.swift; sourceTree = "<group>"; };
		B5BA5F472489130500AC026A /* UserChecker.swift */ = {isa = PBXFileReference; lastKnownFileType = sourcecode.swift; path = UserChecker.swift; sourceTree = "<group>"; };
		B5C42C2B246C8E9900238F68 /* ShareImagesViewController.swift */ = {isa = PBXFileReference; lastKnownFileType = sourcecode.swift; path = ShareImagesViewController.swift; sourceTree = "<group>"; };
		B5D70A6A245338530080BF81 /* TopGraphicsView.swift */ = {isa = PBXFileReference; lastKnownFileType = sourcecode.swift; path = TopGraphicsView.swift; sourceTree = "<group>"; };
		B5D70A6C24534DCA0080BF81 /* AddButtonView.swift */ = {isa = PBXFileReference; lastKnownFileType = sourcecode.swift; path = AddButtonView.swift; sourceTree = "<group>"; };
		B5DB922223BE929F0081E8D7 /* PaymentsData.xcdatamodel */ = {isa = PBXFileReference; lastKnownFileType = wrapper.xcdatamodel; path = PaymentsData.xcdatamodel; sourceTree = "<group>"; };
		B5DFF55624842629003CEDA3 /* OnboardingViewController.swift */ = {isa = PBXFileReference; lastKnownFileType = sourcecode.swift; path = OnboardingViewController.swift; sourceTree = "<group>"; };
		B5DFF55B24843B02003CEDA3 /* ShowElementView.swift */ = {isa = PBXFileReference; lastKnownFileType = sourcecode.swift; path = ShowElementView.swift; sourceTree = "<group>"; };
		B5E3086724BE532E003D5860 /* NavControllerTransitions.swift */ = {isa = PBXFileReference; lastKnownFileType = sourcecode.swift; path = NavControllerTransitions.swift; sourceTree = "<group>"; };
		B5E3C3772445403B00AD59AC /* ImageGestures.swift */ = {isa = PBXFileReference; lastKnownFileType = sourcecode.swift; path = ImageGestures.swift; sourceTree = "<group>"; };
		B5EB7C9C24D45AC6007EC8F4 /* DateAnimation.swift */ = {isa = PBXFileReference; lastKnownFileType = sourcecode.swift; path = DateAnimation.swift; sourceTree = "<group>"; };
		B5ED9A39248595BC00FA7A7B /* OnboardingInfo.swift */ = {isa = PBXFileReference; lastKnownFileType = sourcecode.swift; path = OnboardingInfo.swift; sourceTree = "<group>"; };
		B5ED9A3B2485A10300FA7A7B /* WelcomeView.swift */ = {isa = PBXFileReference; lastKnownFileType = sourcecode.swift; path = WelcomeView.swift; sourceTree = "<group>"; };
		B5ED9A3D2485A21300FA7A7B /* TextHelper.swift */ = {isa = PBXFileReference; lastKnownFileType = sourcecode.swift; path = TextHelper.swift; sourceTree = "<group>"; };
		B5EE0EA024D36133006C66CD /* SelectedUUIDs.swift */ = {isa = PBXFileReference; lastKnownFileType = sourcecode.swift; path = SelectedUUIDs.swift; sourceTree = "<group>"; };
		B5F54E84241E783C0016DCED /* UIViewExtensions.swift */ = {isa = PBXFileReference; lastKnownFileType = sourcecode.swift; path = UIViewExtensions.swift; sourceTree = "<group>"; };
		B5F54E86241E78750016DCED /* UIColorExtensions.swift */ = {isa = PBXFileReference; lastKnownFileType = sourcecode.swift; path = UIColorExtensions.swift; sourceTree = "<group>"; };
		B5F54E88241E789D0016DCED /* CALayerExtensions.swift */ = {isa = PBXFileReference; lastKnownFileType = sourcecode.swift; path = CALayerExtensions.swift; sourceTree = "<group>"; };
		B5F54E8A241E78C70016DCED /* DateExtensions.swift */ = {isa = PBXFileReference; lastKnownFileType = sourcecode.swift; path = DateExtensions.swift; sourceTree = "<group>"; };
		B5F54E8C241E78E60016DCED /* FloatExtensions.swift */ = {isa = PBXFileReference; lastKnownFileType = sourcecode.swift; path = FloatExtensions.swift; sourceTree = "<group>"; };
		B5FD65FA242EC9C7002C5C48 /* CardTableHeader.swift */ = {isa = PBXFileReference; lastKnownFileType = sourcecode.swift; path = CardTableHeader.swift; sourceTree = "<group>"; };
		B5FDDC02241443950037BA7E /* SwipeActionsViewModel.swift */ = {isa = PBXFileReference; lastKnownFileType = sourcecode.swift; path = SwipeActionsViewModel.swift; sourceTree = "<group>"; };
		B5FDE69824E595AF009B997F /* PushNotificationManager.swift */ = {isa = PBXFileReference; lastKnownFileType = sourcecode.swift; path = PushNotificationManager.swift; sourceTree = "<group>"; };
		B5FDE69A24E59A77009B997F /* PushNotificationRequestBuilder.swift */ = {isa = PBXFileReference; lastKnownFileType = sourcecode.swift; path = PushNotificationRequestBuilder.swift; sourceTree = "<group>"; };
		DBE0FCEDA257F4EDE020329B /* Pods_ReceiptsSorted.framework */ = {isa = PBXFileReference; explicitFileType = wrapper.framework; includeInIndex = 0; path = Pods_ReceiptsSorted.framework; sourceTree = BUILT_PRODUCTS_DIR; };
/* End PBXFileReference section */

/* Begin PBXFrameworksBuildPhase section */
		B52FA7D324E6116F0008F6F1 /* Frameworks */ = {
			isa = PBXFrameworksBuildPhase;
			buildActionMask = 2147483647;
			files = (
			);
			runOnlyForDeploymentPostprocessing = 0;
		};
		B5377BF923A82E280010B144 /* Frameworks */ = {
			isa = PBXFrameworksBuildPhase;
			buildActionMask = 2147483647;
			files = (
				B53A430624D224DF001A8AC8 /* SimplePDFBuilder.framework in Frameworks */,
				23C1B833C6B9B6F1380AE386 /* Pods_ReceiptsSorted.framework in Frameworks */,
			);
			runOnlyForDeploymentPostprocessing = 0;
		};
		B565E7C624E60EFB00EFE703 /* Frameworks */ = {
			isa = PBXFrameworksBuildPhase;
			buildActionMask = 2147483647;
			files = (
			);
			runOnlyForDeploymentPostprocessing = 0;
		};
/* End PBXFrameworksBuildPhase section */

/* Begin PBXGroup section */
		2E3883DB9B9A8B4185BE22A4 /* Pods */ = {
			isa = PBXGroup;
			children = (
				0684F8876FBD25DAACD5A6E3 /* Pods-ReceiptsSorted.debug.xcconfig */,
				B5470F2B20BCB16126F229BA /* Pods-ReceiptsSorted.release.xcconfig */,
			);
			path = Pods;
			sourceTree = "<group>";
		};
		803926E438852DAB4B27F83D /* Frameworks */ = {
			isa = PBXGroup;
			children = (
				B52FA7CF24E6112E0008F6F1 /* CropViewController.framework */,
				B565E7D724E60FE600EFE703 /* TOCropViewControllerBundle.bundle */,
				B565E7D524E60FE200EFE703 /* libZip.a */,
				B565E7D324E60FDE00EFE703 /* libCropViewController.a */,
				DBE0FCEDA257F4EDE020329B /* Pods_ReceiptsSorted.framework */,
			);
			name = Frameworks;
			sourceTree = "<group>";
		};
		B5035568245792F3000C09DC /* Storyboards+XIB */ = {
			isa = PBXGroup;
			children = (
				B5377C0523A82E280010B144 /* Main.storyboard */,
				B5377C0A23A82E2A0010B144 /* LaunchScreen.storyboard */,
				B59E3E2223B44DE80017D474 /* CardViewController.xib */,
				B573FAAA23B98285005473D2 /* CameraViewController.xib */,
				B516CF13243BF1F0003D09E1 /* PDFPreviewViewController.xib */,
			);
			path = "Storyboards+XIB";
			sourceTree = "<group>";
		};
		B50355692457968B000C09DC /* Utils */ = {
			isa = PBXGroup;
			children = (
				B5076BCE2457A28400C2BE34 /* Alerts.swift */,
				B57145172474100800E0720C /* Navigation.swift */,
				B573FAA323B95F57005473D2 /* Delegates.swift */,
				B535A1BF244BC320005585F0 /* Log.swift */,
				B54967A924105B4B00684A2F /* Animations */,
				B5076BCD2457995E00C2BE34 /* Images */,
				B573FAAD23BA815F005473D2 /* CameraSession.swift */,
				B5B6757F23CF70F400291D31 /* TextRecogniser.swift */,
				B5AD17DC240464CB00BB3069 /* TopGraphicsShapes.swift */,
				B5BA5F472489130500AC026A /* UserChecker.swift */,
				B59EB41424D9E57D00AB16FC /* SettingsUserDefaults.swift */,
			);
			path = Utils;
			sourceTree = "<group>";
		};
		B5076BCD2457995E00C2BE34 /* Images */ = {
			isa = PBXGroup;
			children = (
				B5E3C3772445403B00AD59AC /* ImageGestures.swift */,
				B54967A724104E3500684A2F /* ImageCompression.swift */,
				B5B6758123CF724000291D31 /* ImageManipulator.swift */,
			);
			path = Images;
			sourceTree = "<group>";
		};
		B516804D244634360057DF7C /* Cells */ = {
			isa = PBXGroup;
			children = (
				B59E3E2623B50D9F0017D474 /* PaymentTableViewCell.xib */,
				B58CC909246DACE1006FEF00 /* ImageViewerCell.swift */,
			);
			path = Cells;
			sourceTree = "<group>";
		};
		B52FA7D724E6116F0008F6F1 /* WorkReceiptsUITests */ = {
			isa = PBXGroup;
			children = (
				B52FA7D824E6116F0008F6F1 /* PaymentVcUITests.swift */,
				B528B73E24E6BD0100DC33E5 /* ShareUITests.swift */,
				B528B73B24E69D8A00DC33E5 /* OnboardingUITests.swift */,
				B594125624E6889A0077BC7B /* XCUIApplication+Ext.swift */,
				B594125924E688D00077BC7B /* XCUIElement+Ext.swift */,
				B52FA7DA24E6116F0008F6F1 /* Info.plist */,
			);
			path = WorkReceiptsUITests;
			sourceTree = "<group>";
		};
		B535A1BE244BC2D7005585F0 /* Helpers */ = {
			isa = PBXGroup;
			children = (
				B549C0B224BF0A1D003F148E /* AlertHelper.swift */,
				B561B390243BFBBA00F7B29B /* SimpleShapes.swift */,
				B5683DF924D759DF00828AFA /* DateHelper.swift */,
				B5ED9A3D2485A21300FA7A7B /* TextHelper.swift */,
				B5B3378824E0A10800116183 /* WarningPopoverHelper.swift */,
				B598D8E624CDB80D00158766 /* CurrencyPickerHelper.swift */,
				B598D8E824CDBD6500158766 /* ReceiptRemovalPickerHelper.swift */,
				B514A36A24BB91990078E9A9 /* WorldCurrencies.swift */,
				B5A4358224DE10EF00559908 /* DirectoryHelper.swift */,
			);
			path = Helpers;
			sourceTree = "<group>";
		};
		B5377BF323A82E280010B144 = {
			isa = PBXGroup;
			children = (
				B5743AC224D223D100930030 /* SimplePDFBuilder.xcodeproj */,
				B5377BFE23A82E280010B144 /* ReceiptsSorted */,
				B565E7CA24E60EFB00EFE703 /* WorkReceiptsTests */,
				B52FA7D724E6116F0008F6F1 /* WorkReceiptsUITests */,
				B5377BFD23A82E280010B144 /* Products */,
				2E3883DB9B9A8B4185BE22A4 /* Pods */,
				803926E438852DAB4B27F83D /* Frameworks */,
			);
			sourceTree = "<group>";
		};
		B5377BFD23A82E280010B144 /* Products */ = {
			isa = PBXGroup;
			children = (
				B5377BFC23A82E280010B144 /* WorkReceipts.app */,
				B565E7C924E60EFB00EFE703 /* WorkReceiptsTests.xctest */,
				B52FA7D624E6116F0008F6F1 /* WorkReceiptsUITests.xctest */,
			);
			name = Products;
			sourceTree = "<group>";
		};
		B5377BFE23A82E280010B144 /* ReceiptsSorted */ = {
			isa = PBXGroup;
			children = (
				B5B3378A24E0BA6F00116183 /* WorkReceipts.entitlements */,
				B5743AC124D21BF500930030 /* SupportingFiles */,
				B565673E24831554000A6639 /* Adapters */,
				B5A4357A24DE039A00559908 /* Operations */,
				B5FDE69624E5957F009B997F /* PushNotifications */,
				B5AD17E4240482CA00BB3069 /* Database */,
				B5AD17D7240460E700BB3069 /* ViewModel */,
				B59E3E1323B3BF4E0017D474 /* Model */,
				B59E3E1423B3BF5F0017D474 /* View */,
				B59E3E1523B3BF670017D474 /* Controller */,
				B50355692457968B000C09DC /* Utils */,
				B535A1BE244BC2D7005585F0 /* Helpers */,
				B550E14E245B230E000294B1 /* Enums */,
				B5F54E83241E78220016DCED /* Extensions */,
			);
			path = ReceiptsSorted;
			sourceTree = "<group>";
		};
		B53F42DB245DEC72006F4D02 /* ViewControllerViews */ = {
			isa = PBXGroup;
			children = (
				B5D70A6A245338530080BF81 /* TopGraphicsView.swift */,
				B5D70A6C24534DCA0080BF81 /* AddButtonView.swift */,
				B504902324731A60009B4DA5 /* PaymentSelectionButtonView.swift */,
			);
			path = ViewControllerViews;
			sourceTree = "<group>";
		};
		B54967A924105B4B00684A2F /* Animations */ = {
			isa = PBXGroup;
			children = (
				B5A4358C24DEC2FA00559908 /* IndicatorAnimation.swift */,
				B50BAADA242B7DC200EAFECA /* AmountAnimation.swift */,
				B5EB7C9C24D45AC6007EC8F4 /* DateAnimation.swift */,
				B564470A241027EB00B08AD3 /* AddButtonAnimations.swift */,
				B5AD17E22404757300BB3069 /* CardGesturesViewModel.swift */,
				B573FAA723B98061005473D2 /* CircularTransition.swift */,
			);
			path = Animations;
			sourceTree = "<group>";
		};
		B550E14E245B230E000294B1 /* Enums */ = {
			isa = PBXGroup;
			children = (
				B59E3E2B23B53FEF0017D474 /* Enums.swift */,
				B550E14F245B2F0F000294B1 /* SortEnums+Ext.swift */,
				B548CE0C246469C200342613 /* VibrationEnum.swift */,
			);
			path = Enums;
			sourceTree = "<group>";
		};
		B565673E24831554000A6639 /* Adapters */ = {
			isa = PBXGroup;
			children = (
				B565673F24831619000A6639 /* ZipAdapter.swift */,
				B5977E7B24C4729400F3E589 /* DatabaseAsync.swift */,
				B57BCD1124C63EA50019D85A /* DatabaseFetchController.swift */,
			);
			path = Adapters;
			sourceTree = "<group>";
		};
		B565E7CA24E60EFB00EFE703 /* WorkReceiptsTests */ = {
			isa = PBXGroup;
			children = (
				B565E7CB24E60EFB00EFE703 /* WorkReceiptsTests.swift */,
				B565E7CD24E60EFB00EFE703 /* Info.plist */,
			);
			path = WorkReceiptsTests;
			sourceTree = "<group>";
		};
		B566605124311384003DD15B /* Cells */ = {
			isa = PBXGroup;
			children = (
				B59E3E2523B50D9F0017D474 /* PaymentTableViewCell.swift */,
			);
			path = Cells;
			sourceTree = "<group>";
		};
		B5743AC124D21BF500930030 /* SupportingFiles */ = {
			isa = PBXGroup;
			children = (
				B514A36824BB759E0078E9A9 /* Common-Currency.json */,
				B5377BFF23A82E280010B144 /* AppDelegate.swift */,
				B5377C0123A82E280010B144 /* SceneDelegate.swift */,
				B5377C0D23A82E2A0010B144 /* Info.plist */,
				B5377C0823A82E2A0010B144 /* Assets.xcassets */,
			);
			path = SupportingFiles;
			sourceTree = "<group>";
		};
		B5743AC324D223D100930030 /* Products */ = {
			isa = PBXGroup;
			children = (
				B5743AC724D223D100930030 /* SimplePDFBuilder.framework */,
			);
			name = Products;
			sourceTree = "<group>";
		};
		B59E3E1323B3BF4E0017D474 /* Model */ = {
			isa = PBXGroup;
			children = (
				B5443FEF24829E2A0037AA38 /* PaymentInformation.swift */,
				B517DD5E246B394B004B3B2C /* PaymentTotalInfo.swift */,
				B566604D242FA955003DD15B /* PaymentTableSection.swift */,
				B5ED9A39248595BC00FA7A7B /* OnboardingInfo.swift */,
				B5BA07672486E81800097E2C /* OnboardingText.swift */,
				B514A36624BB74C00078E9A9 /* Currency.swift */,
				B5EE0EA024D36133006C66CD /* SelectedUUIDs.swift */,
			);
			path = Model;
			sourceTree = "<group>";
		};
		B59E3E1423B3BF5F0017D474 /* View */ = {
			isa = PBXGroup;
			children = (
				B5035568245792F3000C09DC /* Storyboards+XIB */,
				B516804D244634360057DF7C /* Cells */,
				B53F42DB245DEC72006F4D02 /* ViewControllerViews */,
				B5B9E88D248903C6007743F4 /* OnboardingViews */,
			);
			path = View;
			sourceTree = "<group>";
		};
		B59E3E1523B3BF670017D474 /* Controller */ = {
			isa = PBXGroup;
			children = (
				B5377C0323A82E280010B144 /* ViewController.swift */,
				B59E3E2123B44DE80017D474 /* CardViewController.swift */,
				B573FAA923B98285005473D2 /* CameraViewController.swift */,
				B573FA9923B81EC8005473D2 /* PaymentViewController.swift */,
				B57419BD245F1BAB001228A1 /* DetailsViewController.swift */,
				B516CF12243BF1F0003D09E1 /* PDFPreviewViewController.swift */,
				B5C42C2B246C8E9900238F68 /* ShareImagesViewController.swift */,
				B50BAADC242BB8E000EAFECA /* SettingsViewController.swift */,
				B566605124311384003DD15B /* Cells */,
				B5DFF55624842629003CEDA3 /* OnboardingViewController.swift */,
			);
			path = Controller;
			sourceTree = "<group>";
		};
		B5A4357A24DE039A00559908 /* Operations */ = {
			isa = PBXGroup;
			children = (
				B5A4357C24DE03EC00559908 /* AsyncOperation.swift */,
				B5A4358624DE1CB500559908 /* OperationProtocols.swift */,
				B5A4358024DE08B700559908 /* DirectoryCreatorOperation.swift */,
				B5A4358424DE1BF900559908 /* AddPhotosOperation.swift */,
				B5A4358824DE284500559908 /* ZipDirectoryOperation.swift */,
			);
			path = Operations;
			sourceTree = "<group>";
		};
		B5AD17D7240460E700BB3069 /* ViewModel */ = {
			isa = PBXGroup;
			children = (
				B526B4E1241B09A10031F629 /* Observable.swift */,
				B59EB41D24D9F59500AB16FC /* MulticastDelegate.swift */,
				B554F962247718BA007C486A /* CardViewModel.swift */,
				B5FD65FA242EC9C7002C5C48 /* CardTableHeader.swift */,
				B5FDDC02241443950037BA7E /* SwipeActionsViewModel.swift */,
				B54967AC241167C000684A2F /* SortingDropDownMenu.swift */,
				B58CC931246DB9B5006FEF00 /* CollectionViewFlowLayout.swift */,
				B5689D7124BB61D5005C46C5 /* ShareImagesViewModel.swift */,
				B5E3086724BE532E003D5860 /* NavControllerTransitions.swift */,
			);
			path = ViewModel;
			sourceTree = "<group>";
		};
		B5AD17E4240482CA00BB3069 /* Database */ = {
			isa = PBXGroup;
			children = (
				B574A39B24E82C7D00FDB5B1 /* TestCoreDataStack.swift */,
				B5977E7D24C47F0400F3E589 /* CoreDataStack.swift */,
				B575FD7124C8DA53007034D4 /* DBRequestBuilder.swift */,
				B5DB922123BE929F0081E8D7 /* PaymentsData.xcdatamodeld */,
				B593962A2483D50500B1E895 /* Payment+CoreDataClass.swift */,
				B593962B2483D50600B1E895 /* Payment+CoreDataProperties.swift */,
				B59396292483D50500B1E895 /* ReceiptPhoto+CoreDataClass.swift */,
				B59396282483D50500B1E895 /* ReceiptPhoto+CoreDataProperties.swift */,
			);
			path = Database;
			sourceTree = "<group>";
		};
		B5B9E88D248903C6007743F4 /* OnboardingViews */ = {
			isa = PBXGroup;
			children = (
				B5DFF55B24843B02003CEDA3 /* ShowElementView.swift */,
				B5ED9A3B2485A10300FA7A7B /* WelcomeView.swift */,
			);
			path = OnboardingViews;
			sourceTree = "<group>";
		};
		B5F54E83241E78220016DCED /* Extensions */ = {
			isa = PBXGroup;
			children = (
				B5F54E86241E78750016DCED /* UIColorExtensions.swift */,
				B5F54E88241E789D0016DCED /* CALayerExtensions.swift */,
				B5F54E8A241E78C70016DCED /* DateExtensions.swift */,
				B566604F242FB65F003DD15B /* IntExtensins.swift */,
				B5F54E8C241E78E60016DCED /* FloatExtensions.swift */,
				B50BAADE242BECEE00EAFECA /* StringExtensions.swift */,
				B5F54E84241E783C0016DCED /* UIViewExtensions.swift */,
				B5AC4AAE2453940E00D6F6D3 /* UISegmentedControlExtensions.swift */,
				B57ECC562454A6BA003E9598 /* UITextFieldExtensions.swift */,
				B5217ECD246C870B00CC31AB /* FileManagerExtensions.swift */,
				B546A7A52471F77C00FB551D /* UIImageExtensions.swift */,
				B5BA07652485A4FE00097E2C /* UIFontExtensions.swift */,
				B57BCD1324C64F1F0019D85A /* NSPredicateExtensions.swift */,
				B56939CF24CA474B00806953 /* Notification.NameExtension.swift */,
			);
			path = Extensions;
			sourceTree = "<group>";
		};
		B5FDE69624E5957F009B997F /* PushNotifications */ = {
			isa = PBXGroup;
			children = (
				B5FDE69A24E59A77009B997F /* PushNotificationRequestBuilder.swift */,
				B5FDE69824E595AF009B997F /* PushNotificationManager.swift */,
			);
			path = PushNotifications;
			sourceTree = "<group>";
		};
/* End PBXGroup section */

/* Begin PBXNativeTarget section */
		B52FA7D524E6116F0008F6F1 /* WorkReceiptsUITests */ = {
			isa = PBXNativeTarget;
			buildConfigurationList = B52FA7DD24E6116F0008F6F1 /* Build configuration list for PBXNativeTarget "WorkReceiptsUITests" */;
			buildPhases = (
				B52FA7D224E6116F0008F6F1 /* Sources */,
				B52FA7D324E6116F0008F6F1 /* Frameworks */,
				B52FA7D424E6116F0008F6F1 /* Resources */,
			);
			buildRules = (
			);
			dependencies = (
				B52FA7DC24E6116F0008F6F1 /* PBXTargetDependency */,
			);
			name = WorkReceiptsUITests;
			productName = WorkReceiptsUITests;
			productReference = B52FA7D624E6116F0008F6F1 /* WorkReceiptsUITests.xctest */;
			productType = "com.apple.product-type.bundle.ui-testing";
		};
		B5377BFB23A82E280010B144 /* ReceiptsSorted */ = {
			isa = PBXNativeTarget;
			buildConfigurationList = B5377C1023A82E2A0010B144 /* Build configuration list for PBXNativeTarget "ReceiptsSorted" */;
			buildPhases = (
				7CC822871BF00C11D4CE6BC5 /* [CP] Check Pods Manifest.lock */,
				B5377BF823A82E280010B144 /* Sources */,
				B5377BF923A82E280010B144 /* Frameworks */,
				B5377BFA23A82E280010B144 /* Resources */,
				B53A430824D224DF001A8AC8 /* Embed Frameworks */,
				AD411339C6001DA6D861E0E0 /* [CP] Embed Pods Frameworks */,
			);
			buildRules = (
			);
			dependencies = (
			);
			name = ReceiptsSorted;
			productName = ReceiptsSorted;
			productReference = B5377BFC23A82E280010B144 /* WorkReceipts.app */;
			productType = "com.apple.product-type.application";
		};
		B565E7C824E60EFB00EFE703 /* WorkReceiptsTests */ = {
			isa = PBXNativeTarget;
			buildConfigurationList = B565E7D024E60EFB00EFE703 /* Build configuration list for PBXNativeTarget "WorkReceiptsTests" */;
			buildPhases = (
				B565E7C524E60EFB00EFE703 /* Sources */,
				B565E7C624E60EFB00EFE703 /* Frameworks */,
				B565E7C724E60EFB00EFE703 /* Resources */,
			);
			buildRules = (
			);
			dependencies = (
				B565E7CF24E60EFB00EFE703 /* PBXTargetDependency */,
			);
			name = WorkReceiptsTests;
			productName = WorkReceiptsTests;
			productReference = B565E7C924E60EFB00EFE703 /* WorkReceiptsTests.xctest */;
			productType = "com.apple.product-type.bundle.unit-test";
		};
/* End PBXNativeTarget section */

/* Begin PBXProject section */
		B5377BF423A82E280010B144 /* Project object */ = {
			isa = PBXProject;
			attributes = {
				LastSwiftUpdateCheck = 1140;
				LastUpgradeCheck = 1120;
				ORGANIZATIONNAME = Maksim;
				TargetAttributes = {
					B52FA7D524E6116F0008F6F1 = {
						CreatedOnToolsVersion = 11.4;
						TestTargetID = B5377BFB23A82E280010B144;
					};
					B5377BFB23A82E280010B144 = {
						CreatedOnToolsVersion = 11.2.1;
					};
					B565E7C824E60EFB00EFE703 = {
						CreatedOnToolsVersion = 11.4;
						TestTargetID = B5377BFB23A82E280010B144;
					};
				};
			};
			buildConfigurationList = B5377BF723A82E280010B144 /* Build configuration list for PBXProject "ReceiptsSorted" */;
			compatibilityVersion = "Xcode 9.3";
			developmentRegion = en;
			hasScannedForEncodings = 0;
			knownRegions = (
				en,
				Base,
			);
			mainGroup = B5377BF323A82E280010B144;
			productRefGroup = B5377BFD23A82E280010B144 /* Products */;
			projectDirPath = "";
			projectReferences = (
				{
					ProductGroup = B5743AC324D223D100930030 /* Products */;
					ProjectRef = B5743AC224D223D100930030 /* SimplePDFBuilder.xcodeproj */;
				},
			);
			projectRoot = "";
			targets = (
				B5377BFB23A82E280010B144 /* ReceiptsSorted */,
				B565E7C824E60EFB00EFE703 /* WorkReceiptsTests */,
				B52FA7D524E6116F0008F6F1 /* WorkReceiptsUITests */,
			);
		};
/* End PBXProject section */

/* Begin PBXReferenceProxy section */
		B5743AC724D223D100930030 /* SimplePDFBuilder.framework */ = {
			isa = PBXReferenceProxy;
			fileType = wrapper.framework;
			path = SimplePDFBuilder.framework;
			remoteRef = B5743AC624D223D100930030 /* PBXContainerItemProxy */;
			sourceTree = BUILT_PRODUCTS_DIR;
		};
/* End PBXReferenceProxy section */

/* Begin PBXResourcesBuildPhase section */
		B52FA7D424E6116F0008F6F1 /* Resources */ = {
			isa = PBXResourcesBuildPhase;
			buildActionMask = 2147483647;
			files = (
			);
			runOnlyForDeploymentPostprocessing = 0;
		};
		B5377BFA23A82E280010B144 /* Resources */ = {
			isa = PBXResourcesBuildPhase;
			buildActionMask = 2147483647;
			files = (
				B59E3E2823B50D9F0017D474 /* PaymentTableViewCell.xib in Resources */,
				B516CF15243BF1F1003D09E1 /* PDFPreviewViewController.xib in Resources */,
				B5377C0C23A82E2A0010B144 /* LaunchScreen.storyboard in Resources */,
				B5377C0923A82E2A0010B144 /* Assets.xcassets in Resources */,
				B573FAAC23B98285005473D2 /* CameraViewController.xib in Resources */,
				B514A36924BB759E0078E9A9 /* Common-Currency.json in Resources */,
				B59E3E2423B44DE80017D474 /* CardViewController.xib in Resources */,
				B5377C0723A82E280010B144 /* Main.storyboard in Resources */,
			);
			runOnlyForDeploymentPostprocessing = 0;
		};
		B565E7C724E60EFB00EFE703 /* Resources */ = {
			isa = PBXResourcesBuildPhase;
			buildActionMask = 2147483647;
			files = (
			);
			runOnlyForDeploymentPostprocessing = 0;
		};
/* End PBXResourcesBuildPhase section */

/* Begin PBXShellScriptBuildPhase section */
		7CC822871BF00C11D4CE6BC5 /* [CP] Check Pods Manifest.lock */ = {
			isa = PBXShellScriptBuildPhase;
			buildActionMask = 2147483647;
			files = (
			);
			inputFileListPaths = (
			);
			inputPaths = (
				"${PODS_PODFILE_DIR_PATH}/Podfile.lock",
				"${PODS_ROOT}/Manifest.lock",
			);
			name = "[CP] Check Pods Manifest.lock";
			outputFileListPaths = (
			);
			outputPaths = (
				"$(DERIVED_FILE_DIR)/Pods-ReceiptsSorted-checkManifestLockResult.txt",
			);
			runOnlyForDeploymentPostprocessing = 0;
			shellPath = /bin/sh;
			shellScript = "diff \"${PODS_PODFILE_DIR_PATH}/Podfile.lock\" \"${PODS_ROOT}/Manifest.lock\" > /dev/null\nif [ $? != 0 ] ; then\n    # print error to STDERR\n    echo \"error: The sandbox is not in sync with the Podfile.lock. Run 'pod install' or update your CocoaPods installation.\" >&2\n    exit 1\nfi\n# This output is used by Xcode 'outputs' to avoid re-running this script phase.\necho \"SUCCESS\" > \"${SCRIPT_OUTPUT_FILE_0}\"\n";
			showEnvVarsInLog = 0;
		};
		AD411339C6001DA6D861E0E0 /* [CP] Embed Pods Frameworks */ = {
			isa = PBXShellScriptBuildPhase;
			buildActionMask = 2147483647;
			files = (
			);
			inputFileListPaths = (
				"${PODS_ROOT}/Target Support Files/Pods-ReceiptsSorted/Pods-ReceiptsSorted-frameworks-${CONFIGURATION}-input-files.xcfilelist",
			);
			name = "[CP] Embed Pods Frameworks";
			outputFileListPaths = (
				"${PODS_ROOT}/Target Support Files/Pods-ReceiptsSorted/Pods-ReceiptsSorted-frameworks-${CONFIGURATION}-output-files.xcfilelist",
			);
			runOnlyForDeploymentPostprocessing = 0;
			shellPath = /bin/sh;
			shellScript = "\"${PODS_ROOT}/Target Support Files/Pods-ReceiptsSorted/Pods-ReceiptsSorted-frameworks.sh\"\n";
			showEnvVarsInLog = 0;
		};
/* End PBXShellScriptBuildPhase section */

/* Begin PBXSourcesBuildPhase section */
		B52FA7D224E6116F0008F6F1 /* Sources */ = {
			isa = PBXSourcesBuildPhase;
			buildActionMask = 2147483647;
			files = (
				B52FA7D924E6116F0008F6F1 /* PaymentVcUITests.swift in Sources */,
				B594125A24E688D00077BC7B /* XCUIElement+Ext.swift in Sources */,
				B528B73C24E69D8A00DC33E5 /* OnboardingUITests.swift in Sources */,
				B528B73F24E6BD0100DC33E5 /* ShareUITests.swift in Sources */,
				B594125724E6889A0077BC7B /* XCUIApplication+Ext.swift in Sources */,
			);
			runOnlyForDeploymentPostprocessing = 0;
		};
		B5377BF823A82E280010B144 /* Sources */ = {
			isa = PBXSourcesBuildPhase;
			buildActionMask = 2147483647;
			files = (
				B54967A824104E3500684A2F /* ImageCompression.swift in Sources */,
				B5377C0423A82E280010B144 /* ViewController.swift in Sources */,
				B573FAA823B98061005473D2 /* CircularTransition.swift in Sources */,
				B5217ECE246C870B00CC31AB /* FileManagerExtensions.swift in Sources */,
				B5666050242FB65F003DD15B /* IntExtensins.swift in Sources */,
				B5A4358324DE10EF00559908 /* DirectoryHelper.swift in Sources */,
				B565674024831619000A6639 /* ZipAdapter.swift in Sources */,
				B598D8E724CDB80D00158766 /* CurrencyPickerHelper.swift in Sources */,
				B5E3086824BE532E003D5860 /* NavControllerTransitions.swift in Sources */,
				B5F54E8B241E78C70016DCED /* DateExtensions.swift in Sources */,
				B59E3E2723B50D9F0017D474 /* PaymentTableViewCell.swift in Sources */,
				B574A39D24E8325A00FDB5B1 /* TestCoreDataStack.swift in Sources */,
				B5D70A6B245338530080BF81 /* TopGraphicsView.swift in Sources */,
				B5B3378924E0A10800116183 /* WarningPopoverHelper.swift in Sources */,
				B5A4358D24DEC2FA00559908 /* IndicatorAnimation.swift in Sources */,
				B57BCD1224C63EA50019D85A /* DatabaseFetchController.swift in Sources */,
				B5FDE69924E595AF009B997F /* PushNotificationManager.swift in Sources */,
				B573FAA423B95F57005473D2 /* Delegates.swift in Sources */,
				B549C0B324BF0A1D003F148E /* AlertHelper.swift in Sources */,
				B514A36B24BB91990078E9A9 /* WorldCurrencies.swift in Sources */,
				B593962C2483D50600B1E895 /* ReceiptPhoto+CoreDataProperties.swift in Sources */,
				B593962E2483D50600B1E895 /* Payment+CoreDataClass.swift in Sources */,
				B573FAAE23BA815F005473D2 /* CameraSession.swift in Sources */,
				B5F54E89241E789D0016DCED /* CALayerExtensions.swift in Sources */,
				B57419BE245F1BAB001228A1 /* DetailsViewController.swift in Sources */,
				B5ED9A3E2485A21300FA7A7B /* TextHelper.swift in Sources */,
				B5377C0023A82E280010B144 /* AppDelegate.swift in Sources */,
				B5BA5F482489130500AC026A /* UserChecker.swift in Sources */,
				B56939D024CA474B00806953 /* Notification.NameExtension.swift in Sources */,
				B57ECC572454A6BA003E9598 /* UITextFieldExtensions.swift in Sources */,
				B5A4358524DE1BF900559908 /* AddPhotosOperation.swift in Sources */,
				B575FD7224C8DA53007034D4 /* DBRequestBuilder.swift in Sources */,
				B5BA07662485A4FE00097E2C /* UIFontExtensions.swift in Sources */,
				B59E3E2323B44DE80017D474 /* CardViewController.swift in Sources */,
				B566604E242FA955003DD15B /* PaymentTableSection.swift in Sources */,
				B59E3E2C23B53FEF0017D474 /* Enums.swift in Sources */,
				B5076BCF2457A28400C2BE34 /* Alerts.swift in Sources */,
				B59EB41E24D9F59500AB16FC /* MulticastDelegate.swift in Sources */,
				B50BAADB242B7DC200EAFECA /* AmountAnimation.swift in Sources */,
				B5977E7E24C47F0400F3E589 /* CoreDataStack.swift in Sources */,
				B5A4358724DE1CB500559908 /* OperationProtocols.swift in Sources */,
				B5683DFA24D759DF00828AFA /* DateHelper.swift in Sources */,
				B593962F2483D50600B1E895 /* Payment+CoreDataProperties.swift in Sources */,
				B564470B241027EB00B08AD3 /* AddButtonAnimations.swift in Sources */,
				B554F963247718BA007C486A /* CardViewModel.swift in Sources */,
				B5DFF55724842629003CEDA3 /* OnboardingViewController.swift in Sources */,
				B5BA07682486E81900097E2C /* OnboardingText.swift in Sources */,
				B5ED9A3A248595BC00FA7A7B /* OnboardingInfo.swift in Sources */,
				B58CC90A246DACE1006FEF00 /* ImageViewerCell.swift in Sources */,
				B550E150245B2F0F000294B1 /* SortEnums+Ext.swift in Sources */,
				B573FA9A23B81EC8005473D2 /* PaymentViewController.swift in Sources */,
				B5EB7C9D24D45AC6007EC8F4 /* DateAnimation.swift in Sources */,
				B5443FF024829E2A0037AA38 /* PaymentInformation.swift in Sources */,
				B5AD17DD240464CB00BB3069 /* TopGraphicsShapes.swift in Sources */,
				B514A36724BB74C00078E9A9 /* Currency.swift in Sources */,
				B598D8E924CDBD6500158766 /* ReceiptRemovalPickerHelper.swift in Sources */,
				B517DD5F246B394B004B3B2C /* PaymentTotalInfo.swift in Sources */,
				B5FDE69B24E59A77009B997F /* PushNotificationRequestBuilder.swift in Sources */,
				B573FAAB23B98285005473D2 /* CameraViewController.swift in Sources */,
				B59EB41524D9E57D00AB16FC /* SettingsUserDefaults.swift in Sources */,
				B50BAADF242BECEE00EAFECA /* StringExtensions.swift in Sources */,
				B561B391243BFBBA00F7B29B /* SimpleShapes.swift in Sources */,
				B5377C0223A82E280010B144 /* SceneDelegate.swift in Sources */,
				B5977E7C24C4729400F3E589 /* DatabaseAsync.swift in Sources */,
				B5A4358124DE08B700559908 /* DirectoryCreatorOperation.swift in Sources */,
				B5FDDC03241443950037BA7E /* SwipeActionsViewModel.swift in Sources */,
				B5DB922323BE929F0081E8D7 /* PaymentsData.xcdatamodeld in Sources */,
				B5689D7224BB61D5005C46C5 /* ShareImagesViewModel.swift in Sources */,
				B5EE0EA124D36133006C66CD /* SelectedUUIDs.swift in Sources */,
				B5B6758023CF70F400291D31 /* TextRecogniser.swift in Sources */,
				B5F54E8D241E78E60016DCED /* FloatExtensions.swift in Sources */,
				B5AC4AAF2453940E00D6F6D3 /* UISegmentedControlExtensions.swift in Sources */,
				B57BCD1424C64F1F0019D85A /* NSPredicateExtensions.swift in Sources */,
				B504902424731A60009B4DA5 /* PaymentSelectionButtonView.swift in Sources */,
				B516CF14243BF1F0003D09E1 /* PDFPreviewViewController.swift in Sources */,
				B5F54E87241E78750016DCED /* UIColorExtensions.swift in Sources */,
				B5A4357D24DE03EC00559908 /* AsyncOperation.swift in Sources */,
				B5B6758223CF724000291D31 /* ImageManipulator.swift in Sources */,
				B535A1C0244BC320005585F0 /* Log.swift in Sources */,
				B58CC932246DB9B5006FEF00 /* CollectionViewFlowLayout.swift in Sources */,
				B5D70A6D24534DCA0080BF81 /* AddButtonView.swift in Sources */,
				B54967AD241167C000684A2F /* SortingDropDownMenu.swift in Sources */,
				B5C42C2C246C8E9900238F68 /* ShareImagesViewController.swift in Sources */,
				B546A7A62471F77C00FB551D /* UIImageExtensions.swift in Sources */,
				B593962D2483D50600B1E895 /* ReceiptPhoto+CoreDataClass.swift in Sources */,
				B5DFF55C24843B02003CEDA3 /* ShowElementView.swift in Sources */,
				B5F54E85241E783C0016DCED /* UIViewExtensions.swift in Sources */,
				B526B4E2241B09A10031F629 /* Observable.swift in Sources */,
				B5A4358924DE284500559908 /* ZipDirectoryOperation.swift in Sources */,
				B50BAADD242BB8E000EAFECA /* SettingsViewController.swift in Sources */,
				B5E3C3782445403B00AD59AC /* ImageGestures.swift in Sources */,
				B57145182474100800E0720C /* Navigation.swift in Sources */,
				B5ED9A3C2485A10300FA7A7B /* WelcomeView.swift in Sources */,
				B5AD17E32404757300BB3069 /* CardGesturesViewModel.swift in Sources */,
				B548CE0D246469C200342613 /* VibrationEnum.swift in Sources */,
				B5FD65FB242EC9C7002C5C48 /* CardTableHeader.swift in Sources */,
			);
			runOnlyForDeploymentPostprocessing = 0;
		};
		B565E7C524E60EFB00EFE703 /* Sources */ = {
			isa = PBXSourcesBuildPhase;
			buildActionMask = 2147483647;
			files = (
				B565E7CC24E60EFB00EFE703 /* WorkReceiptsTests.swift in Sources */,
			);
			runOnlyForDeploymentPostprocessing = 0;
		};
/* End PBXSourcesBuildPhase section */

/* Begin PBXTargetDependency section */
		B52FA7DC24E6116F0008F6F1 /* PBXTargetDependency */ = {
			isa = PBXTargetDependency;
			target = B5377BFB23A82E280010B144 /* ReceiptsSorted */;
			targetProxy = B52FA7DB24E6116F0008F6F1 /* PBXContainerItemProxy */;
		};
		B565E7CF24E60EFB00EFE703 /* PBXTargetDependency */ = {
			isa = PBXTargetDependency;
			target = B5377BFB23A82E280010B144 /* ReceiptsSorted */;
			targetProxy = B565E7CE24E60EFB00EFE703 /* PBXContainerItemProxy */;
		};
/* End PBXTargetDependency section */

/* Begin PBXVariantGroup section */
		B5377C0523A82E280010B144 /* Main.storyboard */ = {
			isa = PBXVariantGroup;
			children = (
				B5377C0623A82E280010B144 /* Base */,
			);
			name = Main.storyboard;
			sourceTree = "<group>";
		};
		B5377C0A23A82E2A0010B144 /* LaunchScreen.storyboard */ = {
			isa = PBXVariantGroup;
			children = (
				B5377C0B23A82E2A0010B144 /* Base */,
			);
			name = LaunchScreen.storyboard;
			sourceTree = "<group>";
		};
/* End PBXVariantGroup section */

/* Begin XCBuildConfiguration section */
		B52FA7DE24E6116F0008F6F1 /* Debug */ = {
			isa = XCBuildConfiguration;
			buildSettings = {
				CODE_SIGN_STYLE = Automatic;
				DEVELOPMENT_TEAM = KELPFZXFAP;
				INFOPLIST_FILE = WorkReceiptsUITests/Info.plist;
				LD_RUNPATH_SEARCH_PATHS = (
					"$(inherited)",
					"@executable_path/Frameworks",
					"@loader_path/Frameworks",
				);
				PRODUCT_BUNDLE_IDENTIFIER = com.belenko.WorkReceiptsUITests;
				PRODUCT_NAME = "$(TARGET_NAME)";
				SWIFT_VERSION = 5.0;
				TARGETED_DEVICE_FAMILY = "1,2";
				TEST_TARGET_NAME = ReceiptsSorted;
			};
			name = Debug;
		};
		B52FA7DF24E6116F0008F6F1 /* Release */ = {
			isa = XCBuildConfiguration;
			buildSettings = {
				CODE_SIGN_STYLE = Automatic;
				DEVELOPMENT_TEAM = KELPFZXFAP;
				INFOPLIST_FILE = WorkReceiptsUITests/Info.plist;
				LD_RUNPATH_SEARCH_PATHS = (
					"$(inherited)",
					"@executable_path/Frameworks",
					"@loader_path/Frameworks",
				);
				PRODUCT_BUNDLE_IDENTIFIER = com.belenko.WorkReceiptsUITests;
				PRODUCT_NAME = "$(TARGET_NAME)";
				SWIFT_VERSION = 5.0;
				TARGETED_DEVICE_FAMILY = "1,2";
				TEST_TARGET_NAME = ReceiptsSorted;
			};
			name = Release;
		};
		B5377C0E23A82E2A0010B144 /* Debug */ = {
			isa = XCBuildConfiguration;
			buildSettings = {
				ALWAYS_SEARCH_USER_PATHS = NO;
				CLANG_ANALYZER_NONNULL = YES;
				CLANG_ANALYZER_NUMBER_OBJECT_CONVERSION = YES_AGGRESSIVE;
				CLANG_CXX_LANGUAGE_STANDARD = "gnu++14";
				CLANG_CXX_LIBRARY = "libc++";
				CLANG_ENABLE_MODULES = YES;
				CLANG_ENABLE_OBJC_ARC = YES;
				CLANG_ENABLE_OBJC_WEAK = YES;
				CLANG_WARN_BLOCK_CAPTURE_AUTORELEASING = YES;
				CLANG_WARN_BOOL_CONVERSION = YES;
				CLANG_WARN_COMMA = YES;
				CLANG_WARN_CONSTANT_CONVERSION = YES;
				CLANG_WARN_DEPRECATED_OBJC_IMPLEMENTATIONS = YES;
				CLANG_WARN_DIRECT_OBJC_ISA_USAGE = YES_ERROR;
				CLANG_WARN_DOCUMENTATION_COMMENTS = YES;
				CLANG_WARN_EMPTY_BODY = YES;
				CLANG_WARN_ENUM_CONVERSION = YES;
				CLANG_WARN_INFINITE_RECURSION = YES;
				CLANG_WARN_INT_CONVERSION = YES;
				CLANG_WARN_NON_LITERAL_NULL_CONVERSION = YES;
				CLANG_WARN_OBJC_IMPLICIT_RETAIN_SELF = YES;
				CLANG_WARN_OBJC_LITERAL_CONVERSION = YES;
				CLANG_WARN_OBJC_ROOT_CLASS = YES_ERROR;
				CLANG_WARN_RANGE_LOOP_ANALYSIS = YES;
				CLANG_WARN_STRICT_PROTOTYPES = YES;
				CLANG_WARN_SUSPICIOUS_MOVE = YES;
				CLANG_WARN_UNGUARDED_AVAILABILITY = YES_AGGRESSIVE;
				CLANG_WARN_UNREACHABLE_CODE = YES;
				CLANG_WARN__DUPLICATE_METHOD_MATCH = YES;
				COPY_PHASE_STRIP = NO;
				DEBUG_INFORMATION_FORMAT = dwarf;
				ENABLE_STRICT_OBJC_MSGSEND = YES;
				ENABLE_TESTABILITY = YES;
				GCC_C_LANGUAGE_STANDARD = gnu11;
				GCC_DYNAMIC_NO_PIC = NO;
				GCC_NO_COMMON_BLOCKS = YES;
				GCC_OPTIMIZATION_LEVEL = 0;
				GCC_PREPROCESSOR_DEFINITIONS = (
					"DEBUG=1",
					"$(inherited)",
				);
				GCC_WARN_64_TO_32_BIT_CONVERSION = YES;
				GCC_WARN_ABOUT_RETURN_TYPE = YES_ERROR;
				GCC_WARN_UNDECLARED_SELECTOR = YES;
				GCC_WARN_UNINITIALIZED_AUTOS = YES_AGGRESSIVE;
				GCC_WARN_UNUSED_FUNCTION = YES;
				GCC_WARN_UNUSED_VARIABLE = YES;
				IPHONEOS_DEPLOYMENT_TARGET = 13.0;
				MTL_ENABLE_DEBUG_INFO = INCLUDE_SOURCE;
				MTL_FAST_MATH = YES;
				ONLY_ACTIVE_ARCH = YES;
				SDKROOT = iphoneos;
				SWIFT_ACTIVE_COMPILATION_CONDITIONS = DEBUG;
				SWIFT_OPTIMIZATION_LEVEL = "-Onone";
			};
			name = Debug;
		};
		B5377C0F23A82E2A0010B144 /* Release */ = {
			isa = XCBuildConfiguration;
			buildSettings = {
				ALWAYS_SEARCH_USER_PATHS = NO;
				CLANG_ANALYZER_NONNULL = YES;
				CLANG_ANALYZER_NUMBER_OBJECT_CONVERSION = YES_AGGRESSIVE;
				CLANG_CXX_LANGUAGE_STANDARD = "gnu++14";
				CLANG_CXX_LIBRARY = "libc++";
				CLANG_ENABLE_MODULES = YES;
				CLANG_ENABLE_OBJC_ARC = YES;
				CLANG_ENABLE_OBJC_WEAK = YES;
				CLANG_WARN_BLOCK_CAPTURE_AUTORELEASING = YES;
				CLANG_WARN_BOOL_CONVERSION = YES;
				CLANG_WARN_COMMA = YES;
				CLANG_WARN_CONSTANT_CONVERSION = YES;
				CLANG_WARN_DEPRECATED_OBJC_IMPLEMENTATIONS = YES;
				CLANG_WARN_DIRECT_OBJC_ISA_USAGE = YES_ERROR;
				CLANG_WARN_DOCUMENTATION_COMMENTS = YES;
				CLANG_WARN_EMPTY_BODY = YES;
				CLANG_WARN_ENUM_CONVERSION = YES;
				CLANG_WARN_INFINITE_RECURSION = YES;
				CLANG_WARN_INT_CONVERSION = YES;
				CLANG_WARN_NON_LITERAL_NULL_CONVERSION = YES;
				CLANG_WARN_OBJC_IMPLICIT_RETAIN_SELF = YES;
				CLANG_WARN_OBJC_LITERAL_CONVERSION = YES;
				CLANG_WARN_OBJC_ROOT_CLASS = YES_ERROR;
				CLANG_WARN_RANGE_LOOP_ANALYSIS = YES;
				CLANG_WARN_STRICT_PROTOTYPES = YES;
				CLANG_WARN_SUSPICIOUS_MOVE = YES;
				CLANG_WARN_UNGUARDED_AVAILABILITY = YES_AGGRESSIVE;
				CLANG_WARN_UNREACHABLE_CODE = YES;
				CLANG_WARN__DUPLICATE_METHOD_MATCH = YES;
				COPY_PHASE_STRIP = NO;
				DEBUG_INFORMATION_FORMAT = "dwarf-with-dsym";
				ENABLE_NS_ASSERTIONS = NO;
				ENABLE_STRICT_OBJC_MSGSEND = YES;
				GCC_C_LANGUAGE_STANDARD = gnu11;
				GCC_NO_COMMON_BLOCKS = YES;
				GCC_WARN_64_TO_32_BIT_CONVERSION = YES;
				GCC_WARN_ABOUT_RETURN_TYPE = YES_ERROR;
				GCC_WARN_UNDECLARED_SELECTOR = YES;
				GCC_WARN_UNINITIALIZED_AUTOS = YES_AGGRESSIVE;
				GCC_WARN_UNUSED_FUNCTION = YES;
				GCC_WARN_UNUSED_VARIABLE = YES;
				IPHONEOS_DEPLOYMENT_TARGET = 13.0;
				MTL_ENABLE_DEBUG_INFO = NO;
				MTL_FAST_MATH = YES;
				SDKROOT = iphoneos;
				SWIFT_COMPILATION_MODE = wholemodule;
				SWIFT_OPTIMIZATION_LEVEL = "-O";
				VALIDATE_PRODUCT = YES;
			};
			name = Release;
		};
		B5377C1123A82E2A0010B144 /* Debug */ = {
			isa = XCBuildConfiguration;
			baseConfigurationReference = 0684F8876FBD25DAACD5A6E3 /* Pods-ReceiptsSorted.debug.xcconfig */;
			buildSettings = {
				ASSETCATALOG_COMPILER_APPICON_NAME = AppIcon;
				CODE_SIGN_ENTITLEMENTS = ReceiptsSorted/WorkReceipts.entitlements;
				CODE_SIGN_STYLE = Automatic;
				DEVELOPMENT_TEAM = KELPFZXFAP;
				INFOPLIST_FILE = ReceiptsSorted/SupportingFiles/Info.plist;
				LD_RUNPATH_SEARCH_PATHS = (
					"$(inherited)",
					"@executable_path/Frameworks",
				);
				PRODUCT_BUNDLE_IDENTIFIER = com.belenko.ReceiptsSorted;
				PRODUCT_NAME = WorkReceipts;
				SWIFT_VERSION = 5.0;
				TARGETED_DEVICE_FAMILY = 1;
			};
			name = Debug;
		};
		B5377C1223A82E2A0010B144 /* Release */ = {
			isa = XCBuildConfiguration;
			baseConfigurationReference = B5470F2B20BCB16126F229BA /* Pods-ReceiptsSorted.release.xcconfig */;
			buildSettings = {
				ASSETCATALOG_COMPILER_APPICON_NAME = AppIcon;
				CODE_SIGN_ENTITLEMENTS = ReceiptsSorted/WorkReceipts.entitlements;
				CODE_SIGN_STYLE = Automatic;
				DEVELOPMENT_TEAM = KELPFZXFAP;
				ENABLE_TESTABILITY = NO;
				INFOPLIST_FILE = ReceiptsSorted/SupportingFiles/Info.plist;
				LD_RUNPATH_SEARCH_PATHS = (
					"$(inherited)",
					"@executable_path/Frameworks",
				);
				PRODUCT_BUNDLE_IDENTIFIER = com.belenko.ReceiptsSorted;
				PRODUCT_NAME = WorkReceipts;
				SWIFT_VERSION = 5.0;
				TARGETED_DEVICE_FAMILY = 1;
			};
			name = Release;
		};
		B565E7D124E60EFB00EFE703 /* Debug */ = {
			isa = XCBuildConfiguration;
			buildSettings = {
				BUNDLE_LOADER = "$(TEST_HOST)";
				CODE_SIGN_STYLE = Automatic;
				DEVELOPMENT_TEAM = KELPFZXFAP;
				INFOPLIST_FILE = WorkReceiptsTests/Info.plist;
				IPHONEOS_DEPLOYMENT_TARGET = 13.0;
				LD_RUNPATH_SEARCH_PATHS = (
					"$(inherited)",
					"@executable_path/Frameworks",
					"@loader_path/Frameworks",
				);
				PRODUCT_BUNDLE_IDENTIFIER = com.belenko.WorkReceiptsTests;
				PRODUCT_NAME = "$(TARGET_NAME)";
				SWIFT_VERSION = 5.0;
				TARGETED_DEVICE_FAMILY = "1,2";
				TEST_HOST = "$(BUILT_PRODUCTS_DIR)/WorkReceipts.app/WorkReceipts";
			};
			name = Debug;
		};
		B565E7D224E60EFB00EFE703 /* Release */ = {
			isa = XCBuildConfiguration;
			buildSettings = {
				BUNDLE_LOADER = "$(TEST_HOST)";
				CODE_SIGN_STYLE = Automatic;
				DEVELOPMENT_TEAM = KELPFZXFAP;
				INFOPLIST_FILE = WorkReceiptsTests/Info.plist;
				IPHONEOS_DEPLOYMENT_TARGET = 13.0;
				LD_RUNPATH_SEARCH_PATHS = (
					"$(inherited)",
					"@executable_path/Frameworks",
					"@loader_path/Frameworks",
				);
				PRODUCT_BUNDLE_IDENTIFIER = com.belenko.WorkReceiptsTests;
				PRODUCT_NAME = "$(TARGET_NAME)";
				SWIFT_VERSION = 5.0;
				TARGETED_DEVICE_FAMILY = "1,2";
				TEST_HOST = "$(BUILT_PRODUCTS_DIR)/WorkReceipts.app/WorkReceipts";
			};
			name = Release;
		};
/* End XCBuildConfiguration section */

/* Begin XCConfigurationList section */
		B52FA7DD24E6116F0008F6F1 /* Build configuration list for PBXNativeTarget "WorkReceiptsUITests" */ = {
			isa = XCConfigurationList;
			buildConfigurations = (
				B52FA7DE24E6116F0008F6F1 /* Debug */,
				B52FA7DF24E6116F0008F6F1 /* Release */,
			);
			defaultConfigurationIsVisible = 0;
			defaultConfigurationName = Release;
		};
		B5377BF723A82E280010B144 /* Build configuration list for PBXProject "ReceiptsSorted" */ = {
			isa = XCConfigurationList;
			buildConfigurations = (
				B5377C0E23A82E2A0010B144 /* Debug */,
				B5377C0F23A82E2A0010B144 /* Release */,
			);
			defaultConfigurationIsVisible = 0;
			defaultConfigurationName = Release;
		};
		B5377C1023A82E2A0010B144 /* Build configuration list for PBXNativeTarget "ReceiptsSorted" */ = {
			isa = XCConfigurationList;
			buildConfigurations = (
				B5377C1123A82E2A0010B144 /* Debug */,
				B5377C1223A82E2A0010B144 /* Release */,
			);
			defaultConfigurationIsVisible = 0;
			defaultConfigurationName = Release;
		};
		B565E7D024E60EFB00EFE703 /* Build configuration list for PBXNativeTarget "WorkReceiptsTests" */ = {
			isa = XCConfigurationList;
			buildConfigurations = (
				B565E7D124E60EFB00EFE703 /* Debug */,
				B565E7D224E60EFB00EFE703 /* Release */,
			);
			defaultConfigurationIsVisible = 0;
			defaultConfigurationName = Release;
		};
/* End XCConfigurationList section */

/* Begin XCVersionGroup section */
		B5DB922123BE929F0081E8D7 /* PaymentsData.xcdatamodeld */ = {
			isa = XCVersionGroup;
			children = (
				B5DB922223BE929F0081E8D7 /* PaymentsData.xcdatamodel */,
			);
			currentVersion = B5DB922223BE929F0081E8D7 /* PaymentsData.xcdatamodel */;
			path = PaymentsData.xcdatamodeld;
			sourceTree = "<group>";
			versionGroupType = wrapper.xcdatamodel;
		};
/* End XCVersionGroup section */
	};
	rootObject = B5377BF423A82E280010B144 /* Project object */;
}
