// !$*UTF8*$!
{
	archiveVersion = 1;
	classes = {
	};
	objectVersion = 50;
	objects = {

/* Begin PBXBuildFile section */
		B5377C0023A82E280010B144 /* AppDelegate.swift in Sources */ = {isa = PBXBuildFile; fileRef = B5377BFF23A82E280010B144 /* AppDelegate.swift */; };
		B5377C0223A82E280010B144 /* SceneDelegate.swift in Sources */ = {isa = PBXBuildFile; fileRef = B5377C0123A82E280010B144 /* SceneDelegate.swift */; };
		B5377C0423A82E280010B144 /* ViewController.swift in Sources */ = {isa = PBXBuildFile; fileRef = B5377C0323A82E280010B144 /* ViewController.swift */; };
		B5377C0723A82E280010B144 /* Main.storyboard in Resources */ = {isa = PBXBuildFile; fileRef = B5377C0523A82E280010B144 /* Main.storyboard */; };
		B5377C0923A82E2A0010B144 /* Assets.xcassets in Resources */ = {isa = PBXBuildFile; fileRef = B5377C0823A82E2A0010B144 /* Assets.xcassets */; };
		B5377C0C23A82E2A0010B144 /* LaunchScreen.storyboard in Resources */ = {isa = PBXBuildFile; fileRef = B5377C0A23A82E2A0010B144 /* LaunchScreen.storyboard */; };
		B573FA9A23B81EC8005473D2 /* PaymentViewController.swift in Sources */ = {isa = PBXBuildFile; fileRef = B573FA9923B81EC8005473D2 /* PaymentViewController.swift */; };
		B573FA9C23B9334A005473D2 /* DatePopupViewController.swift in Sources */ = {isa = PBXBuildFile; fileRef = B573FA9B23B9334A005473D2 /* DatePopupViewController.swift */; };
		B573FAA223B94BB2005473D2 /* TextPopupViewController.swift in Sources */ = {isa = PBXBuildFile; fileRef = B573FAA123B94BB2005473D2 /* TextPopupViewController.swift */; };
		B573FAA423B95F57005473D2 /* Delegates.swift in Sources */ = {isa = PBXBuildFile; fileRef = B573FAA323B95F57005473D2 /* Delegates.swift */; };
		B573FAA623B96157005473D2 /* Extensions.swift in Sources */ = {isa = PBXBuildFile; fileRef = B573FAA523B96157005473D2 /* Extensions.swift */; };
		B573FAA823B98061005473D2 /* CircularTransition.swift in Sources */ = {isa = PBXBuildFile; fileRef = B573FAA723B98061005473D2 /* CircularTransition.swift */; };
		B573FAAB23B98285005473D2 /* CameraViewController.swift in Sources */ = {isa = PBXBuildFile; fileRef = B573FAA923B98285005473D2 /* CameraViewController.swift */; };
		B573FAAC23B98285005473D2 /* CameraViewController.xib in Resources */ = {isa = PBXBuildFile; fileRef = B573FAAA23B98285005473D2 /* CameraViewController.xib */; };
		B573FAAE23BA815F005473D2 /* cameraSession.swift in Sources */ = {isa = PBXBuildFile; fileRef = B573FAAD23BA815F005473D2 /* cameraSession.swift */; };
		B59E3E2323B44DE80017D474 /* CardViewController.swift in Sources */ = {isa = PBXBuildFile; fileRef = B59E3E2123B44DE80017D474 /* CardViewController.swift */; };
		B59E3E2423B44DE80017D474 /* CardViewController.xib in Resources */ = {isa = PBXBuildFile; fileRef = B59E3E2223B44DE80017D474 /* CardViewController.xib */; };
		B59E3E2723B50D9F0017D474 /* PaymentTableViewCell.swift in Sources */ = {isa = PBXBuildFile; fileRef = B59E3E2523B50D9F0017D474 /* PaymentTableViewCell.swift */; };
		B59E3E2823B50D9F0017D474 /* PaymentTableViewCell.xib in Resources */ = {isa = PBXBuildFile; fileRef = B59E3E2623B50D9F0017D474 /* PaymentTableViewCell.xib */; };
		B59E3E2C23B53FEF0017D474 /* Enums.swift in Sources */ = {isa = PBXBuildFile; fileRef = B59E3E2B23B53FEF0017D474 /* Enums.swift */; };
		B5DB922323BE929F0081E8D7 /* PaymentsData.xcdatamodeld in Sources */ = {isa = PBXBuildFile; fileRef = B5DB922123BE929F0081E8D7 /* PaymentsData.xcdatamodeld */; };
/* End PBXBuildFile section */

/* Begin PBXFileReference section */
		B5377BFC23A82E280010B144 /* ReceiptsSorted.app */ = {isa = PBXFileReference; explicitFileType = wrapper.application; includeInIndex = 0; path = ReceiptsSorted.app; sourceTree = BUILT_PRODUCTS_DIR; };
		B5377BFF23A82E280010B144 /* AppDelegate.swift */ = {isa = PBXFileReference; lastKnownFileType = sourcecode.swift; path = AppDelegate.swift; sourceTree = "<group>"; };
		B5377C0123A82E280010B144 /* SceneDelegate.swift */ = {isa = PBXFileReference; lastKnownFileType = sourcecode.swift; path = SceneDelegate.swift; sourceTree = "<group>"; };
		B5377C0323A82E280010B144 /* ViewController.swift */ = {isa = PBXFileReference; lastKnownFileType = sourcecode.swift; path = ViewController.swift; sourceTree = "<group>"; };
		B5377C0623A82E280010B144 /* Base */ = {isa = PBXFileReference; lastKnownFileType = file.storyboard; name = Base; path = Base.lproj/Main.storyboard; sourceTree = "<group>"; };
		B5377C0823A82E2A0010B144 /* Assets.xcassets */ = {isa = PBXFileReference; lastKnownFileType = folder.assetcatalog; path = Assets.xcassets; sourceTree = "<group>"; };
		B5377C0B23A82E2A0010B144 /* Base */ = {isa = PBXFileReference; lastKnownFileType = file.storyboard; name = Base; path = Base.lproj/LaunchScreen.storyboard; sourceTree = "<group>"; };
		B5377C0D23A82E2A0010B144 /* Info.plist */ = {isa = PBXFileReference; lastKnownFileType = text.plist.xml; path = Info.plist; sourceTree = "<group>"; };
		B573FA9923B81EC8005473D2 /* PaymentViewController.swift */ = {isa = PBXFileReference; lastKnownFileType = sourcecode.swift; path = PaymentViewController.swift; sourceTree = "<group>"; };
		B573FA9B23B9334A005473D2 /* DatePopupViewController.swift */ = {isa = PBXFileReference; lastKnownFileType = sourcecode.swift; path = DatePopupViewController.swift; sourceTree = "<group>"; };
		B573FAA123B94BB2005473D2 /* TextPopupViewController.swift */ = {isa = PBXFileReference; lastKnownFileType = sourcecode.swift; path = TextPopupViewController.swift; sourceTree = "<group>"; };
		B573FAA323B95F57005473D2 /* Delegates.swift */ = {isa = PBXFileReference; lastKnownFileType = sourcecode.swift; path = Delegates.swift; sourceTree = "<group>"; };
		B573FAA523B96157005473D2 /* Extensions.swift */ = {isa = PBXFileReference; lastKnownFileType = sourcecode.swift; path = Extensions.swift; sourceTree = "<group>"; };
		B573FAA723B98061005473D2 /* CircularTransition.swift */ = {isa = PBXFileReference; lastKnownFileType = sourcecode.swift; path = CircularTransition.swift; sourceTree = "<group>"; };
		B573FAA923B98285005473D2 /* CameraViewController.swift */ = {isa = PBXFileReference; lastKnownFileType = sourcecode.swift; path = CameraViewController.swift; sourceTree = "<group>"; };
		B573FAAA23B98285005473D2 /* CameraViewController.xib */ = {isa = PBXFileReference; lastKnownFileType = file.xib; path = CameraViewController.xib; sourceTree = "<group>"; };
		B573FAAD23BA815F005473D2 /* cameraSession.swift */ = {isa = PBXFileReference; lastKnownFileType = sourcecode.swift; path = cameraSession.swift; sourceTree = "<group>"; };
		B59E3E2123B44DE80017D474 /* CardViewController.swift */ = {isa = PBXFileReference; lastKnownFileType = sourcecode.swift; path = CardViewController.swift; sourceTree = "<group>"; };
		B59E3E2223B44DE80017D474 /* CardViewController.xib */ = {isa = PBXFileReference; lastKnownFileType = file.xib; path = CardViewController.xib; sourceTree = "<group>"; };
		B59E3E2523B50D9F0017D474 /* PaymentTableViewCell.swift */ = {isa = PBXFileReference; lastKnownFileType = sourcecode.swift; path = PaymentTableViewCell.swift; sourceTree = "<group>"; };
		B59E3E2623B50D9F0017D474 /* PaymentTableViewCell.xib */ = {isa = PBXFileReference; lastKnownFileType = file.xib; path = PaymentTableViewCell.xib; sourceTree = "<group>"; };
		B59E3E2B23B53FEF0017D474 /* Enums.swift */ = {isa = PBXFileReference; lastKnownFileType = sourcecode.swift; path = Enums.swift; sourceTree = "<group>"; };
		B5DB922223BE929F0081E8D7 /* PaymentsData.xcdatamodel */ = {isa = PBXFileReference; lastKnownFileType = wrapper.xcdatamodel; path = PaymentsData.xcdatamodel; sourceTree = "<group>"; };
/* End PBXFileReference section */

/* Begin PBXFrameworksBuildPhase section */
		B5377BF923A82E280010B144 /* Frameworks */ = {
			isa = PBXFrameworksBuildPhase;
			buildActionMask = 2147483647;
			files = (
			);
			runOnlyForDeploymentPostprocessing = 0;
		};
/* End PBXFrameworksBuildPhase section */

/* Begin PBXGroup section */
		B5377BF323A82E280010B144 = {
			isa = PBXGroup;
			children = (
				B5377BFE23A82E280010B144 /* ReceiptsSorted */,
				B5377BFD23A82E280010B144 /* Products */,
			);
			sourceTree = "<group>";
		};
		B5377BFD23A82E280010B144 /* Products */ = {
			isa = PBXGroup;
			children = (
				B5377BFC23A82E280010B144 /* ReceiptsSorted.app */,
			);
			name = Products;
			sourceTree = "<group>";
		};
		B5377BFE23A82E280010B144 /* ReceiptsSorted */ = {
			isa = PBXGroup;
			children = (
				B5377C0823A82E2A0010B144 /* Assets.xcassets */,
				B5377C0D23A82E2A0010B144 /* Info.plist */,
				B5377BFF23A82E280010B144 /* AppDelegate.swift */,
				B5377C0123A82E280010B144 /* SceneDelegate.swift */,
				B59E3E1323B3BF4E0017D474 /* Model */,
				B59E3E1423B3BF5F0017D474 /* View */,
				B59E3E1523B3BF670017D474 /* Controller */,
			);
			path = ReceiptsSorted;
			sourceTree = "<group>";
		};
		B59E3E1323B3BF4E0017D474 /* Model */ = {
			isa = PBXGroup;
			children = (
				B5DB922123BE929F0081E8D7 /* PaymentsData.xcdatamodeld */,
				B573FAAD23BA815F005473D2 /* cameraSession.swift */,
				B573FAA723B98061005473D2 /* CircularTransition.swift */,
				B573FAA323B95F57005473D2 /* Delegates.swift */,
				B59E3E2B23B53FEF0017D474 /* Enums.swift */,
				B573FAA523B96157005473D2 /* Extensions.swift */,
			);
			path = Model;
			sourceTree = "<group>";
		};
		B59E3E1423B3BF5F0017D474 /* View */ = {
			isa = PBXGroup;
			children = (
				B5377C0523A82E280010B144 /* Main.storyboard */,
				B5377C0A23A82E2A0010B144 /* LaunchScreen.storyboard */,
				B59E3E2223B44DE80017D474 /* CardViewController.xib */,
				B59E3E2623B50D9F0017D474 /* PaymentTableViewCell.xib */,
				B573FAAA23B98285005473D2 /* CameraViewController.xib */,
			);
			path = View;
			sourceTree = "<group>";
		};
		B59E3E1523B3BF670017D474 /* Controller */ = {
			isa = PBXGroup;
			children = (
				B5377C0323A82E280010B144 /* ViewController.swift */,
				B59E3E2123B44DE80017D474 /* CardViewController.swift */,
				B59E3E2523B50D9F0017D474 /* PaymentTableViewCell.swift */,
				B573FA9923B81EC8005473D2 /* PaymentViewController.swift */,
				B573FA9B23B9334A005473D2 /* DatePopupViewController.swift */,
				B573FAA123B94BB2005473D2 /* TextPopupViewController.swift */,
				B573FAA923B98285005473D2 /* CameraViewController.swift */,
			);
			path = Controller;
			sourceTree = "<group>";
		};
/* End PBXGroup section */

/* Begin PBXNativeTarget section */
		B5377BFB23A82E280010B144 /* ReceiptsSorted */ = {
			isa = PBXNativeTarget;
			buildConfigurationList = B5377C1023A82E2A0010B144 /* Build configuration list for PBXNativeTarget "ReceiptsSorted" */;
			buildPhases = (
				B5377BF823A82E280010B144 /* Sources */,
				B5377BF923A82E280010B144 /* Frameworks */,
				B5377BFA23A82E280010B144 /* Resources */,
			);
			buildRules = (
			);
			dependencies = (
			);
			name = ReceiptsSorted;
			productName = ReceiptsSorted;
			productReference = B5377BFC23A82E280010B144 /* ReceiptsSorted.app */;
			productType = "com.apple.product-type.application";
		};
/* End PBXNativeTarget section */

/* Begin PBXProject section */
		B5377BF423A82E280010B144 /* Project object */ = {
			isa = PBXProject;
			attributes = {
				LastSwiftUpdateCheck = 1120;
				LastUpgradeCheck = 1120;
				ORGANIZATIONNAME = Maksim;
				TargetAttributes = {
					B5377BFB23A82E280010B144 = {
						CreatedOnToolsVersion = 11.2.1;
					};
				};
			};
			buildConfigurationList = B5377BF723A82E280010B144 /* Build configuration list for PBXProject "ReceiptsSorted" */;
			compatibilityVersion = "Xcode 9.3";
			developmentRegion = en;
			hasScannedForEncodings = 0;
			knownRegions = (
				en,
				Base,
			);
			mainGroup = B5377BF323A82E280010B144;
			productRefGroup = B5377BFD23A82E280010B144 /* Products */;
			projectDirPath = "";
			projectRoot = "";
			targets = (
				B5377BFB23A82E280010B144 /* ReceiptsSorted */,
			);
		};
/* End PBXProject section */

/* Begin PBXResourcesBuildPhase section */
		B5377BFA23A82E280010B144 /* Resources */ = {
			isa = PBXResourcesBuildPhase;
			buildActionMask = 2147483647;
			files = (
				B59E3E2823B50D9F0017D474 /* PaymentTableViewCell.xib in Resources */,
				B5377C0C23A82E2A0010B144 /* LaunchScreen.storyboard in Resources */,
				B5377C0923A82E2A0010B144 /* Assets.xcassets in Resources */,
				B573FAAC23B98285005473D2 /* CameraViewController.xib in Resources */,
				B59E3E2423B44DE80017D474 /* CardViewController.xib in Resources */,
				B5377C0723A82E280010B144 /* Main.storyboard in Resources */,
			);
			runOnlyForDeploymentPostprocessing = 0;
		};
/* End PBXResourcesBuildPhase section */

/* Begin PBXSourcesBuildPhase section */
		B5377BF823A82E280010B144 /* Sources */ = {
			isa = PBXSourcesBuildPhase;
			buildActionMask = 2147483647;
			files = (
				B5377C0423A82E280010B144 /* ViewController.swift in Sources */,
				B573FAA823B98061005473D2 /* CircularTransition.swift in Sources */,
				B573FAA223B94BB2005473D2 /* TextPopupViewController.swift in Sources */,
				B59E3E2723B50D9F0017D474 /* PaymentTableViewCell.swift in Sources */,
				B573FAA423B95F57005473D2 /* Delegates.swift in Sources */,
				B573FAAE23BA815F005473D2 /* cameraSession.swift in Sources */,
				B5377C0023A82E280010B144 /* AppDelegate.swift in Sources */,
				B59E3E2323B44DE80017D474 /* CardViewController.swift in Sources */,
				B573FAA623B96157005473D2 /* Extensions.swift in Sources */,
				B59E3E2C23B53FEF0017D474 /* Enums.swift in Sources */,
				B573FA9A23B81EC8005473D2 /* PaymentViewController.swift in Sources */,
				B573FAAB23B98285005473D2 /* CameraViewController.swift in Sources */,
				B5377C0223A82E280010B144 /* SceneDelegate.swift in Sources */,
				B5DB922323BE929F0081E8D7 /* PaymentsData.xcdatamodeld in Sources */,
				B573FA9C23B9334A005473D2 /* DatePopupViewController.swift in Sources */,
			);
			runOnlyForDeploymentPostprocessing = 0;
		};
/* End PBXSourcesBuildPhase section */

/* Begin PBXVariantGroup section */
		B5377C0523A82E280010B144 /* Main.storyboard */ = {
			isa = PBXVariantGroup;
			children = (
				B5377C0623A82E280010B144 /* Base */,
			);
			name = Main.storyboard;
			sourceTree = "<group>";
		};
		B5377C0A23A82E2A0010B144 /* LaunchScreen.storyboard */ = {
			isa = PBXVariantGroup;
			children = (
				B5377C0B23A82E2A0010B144 /* Base */,
			);
			name = LaunchScreen.storyboard;
			sourceTree = "<group>";
		};
/* End PBXVariantGroup section */

/* Begin XCBuildConfiguration section */
		B5377C0E23A82E2A0010B144 /* Debug */ = {
			isa = XCBuildConfiguration;
			buildSettings = {
				ALWAYS_SEARCH_USER_PATHS = NO;
				CLANG_ANALYZER_NONNULL = YES;
				CLANG_ANALYZER_NUMBER_OBJECT_CONVERSION = YES_AGGRESSIVE;
				CLANG_CXX_LANGUAGE_STANDARD = "gnu++14";
				CLANG_CXX_LIBRARY = "libc++";
				CLANG_ENABLE_MODULES = YES;
				CLANG_ENABLE_OBJC_ARC = YES;
				CLANG_ENABLE_OBJC_WEAK = YES;
				CLANG_WARN_BLOCK_CAPTURE_AUTORELEASING = YES;
				CLANG_WARN_BOOL_CONVERSION = YES;
				CLANG_WARN_COMMA = YES;
				CLANG_WARN_CONSTANT_CONVERSION = YES;
				CLANG_WARN_DEPRECATED_OBJC_IMPLEMENTATIONS = YES;
				CLANG_WARN_DIRECT_OBJC_ISA_USAGE = YES_ERROR;
				CLANG_WARN_DOCUMENTATION_COMMENTS = YES;
				CLANG_WARN_EMPTY_BODY = YES;
				CLANG_WARN_ENUM_CONVERSION = YES;
				CLANG_WARN_INFINITE_RECURSION = YES;
				CLANG_WARN_INT_CONVERSION = YES;
				CLANG_WARN_NON_LITERAL_NULL_CONVERSION = YES;
				CLANG_WARN_OBJC_IMPLICIT_RETAIN_SELF = YES;
				CLANG_WARN_OBJC_LITERAL_CONVERSION = YES;
				CLANG_WARN_OBJC_ROOT_CLASS = YES_ERROR;
				CLANG_WARN_RANGE_LOOP_ANALYSIS = YES;
				CLANG_WARN_STRICT_PROTOTYPES = YES;
				CLANG_WARN_SUSPICIOUS_MOVE = YES;
				CLANG_WARN_UNGUARDED_AVAILABILITY = YES_AGGRESSIVE;
				CLANG_WARN_UNREACHABLE_CODE = YES;
				CLANG_WARN__DUPLICATE_METHOD_MATCH = YES;
				COPY_PHASE_STRIP = NO;
				DEBUG_INFORMATION_FORMAT = dwarf;
				ENABLE_STRICT_OBJC_MSGSEND = YES;
				ENABLE_TESTABILITY = YES;
				GCC_C_LANGUAGE_STANDARD = gnu11;
				GCC_DYNAMIC_NO_PIC = NO;
				GCC_NO_COMMON_BLOCKS = YES;
				GCC_OPTIMIZATION_LEVEL = 0;
				GCC_PREPROCESSOR_DEFINITIONS = (
					"DEBUG=1",
					"$(inherited)",
				);
				GCC_WARN_64_TO_32_BIT_CONVERSION = YES;
				GCC_WARN_ABOUT_RETURN_TYPE = YES_ERROR;
				GCC_WARN_UNDECLARED_SELECTOR = YES;
				GCC_WARN_UNINITIALIZED_AUTOS = YES_AGGRESSIVE;
				GCC_WARN_UNUSED_FUNCTION = YES;
				GCC_WARN_UNUSED_VARIABLE = YES;
				IPHONEOS_DEPLOYMENT_TARGET = 13.2;
				MTL_ENABLE_DEBUG_INFO = INCLUDE_SOURCE;
				MTL_FAST_MATH = YES;
				ONLY_ACTIVE_ARCH = YES;
				SDKROOT = iphoneos;
				SWIFT_ACTIVE_COMPILATION_CONDITIONS = DEBUG;
				SWIFT_OPTIMIZATION_LEVEL = "-Onone";
			};
			name = Debug;
		};
		B5377C0F23A82E2A0010B144 /* Release */ = {
			isa = XCBuildConfiguration;
			buildSettings = {
				ALWAYS_SEARCH_USER_PATHS = NO;
				CLANG_ANALYZER_NONNULL = YES;
				CLANG_ANALYZER_NUMBER_OBJECT_CONVERSION = YES_AGGRESSIVE;
				CLANG_CXX_LANGUAGE_STANDARD = "gnu++14";
				CLANG_CXX_LIBRARY = "libc++";
				CLANG_ENABLE_MODULES = YES;
				CLANG_ENABLE_OBJC_ARC = YES;
				CLANG_ENABLE_OBJC_WEAK = YES;
				CLANG_WARN_BLOCK_CAPTURE_AUTORELEASING = YES;
				CLANG_WARN_BOOL_CONVERSION = YES;
				CLANG_WARN_COMMA = YES;
				CLANG_WARN_CONSTANT_CONVERSION = YES;
				CLANG_WARN_DEPRECATED_OBJC_IMPLEMENTATIONS = YES;
				CLANG_WARN_DIRECT_OBJC_ISA_USAGE = YES_ERROR;
				CLANG_WARN_DOCUMENTATION_COMMENTS = YES;
				CLANG_WARN_EMPTY_BODY = YES;
				CLANG_WARN_ENUM_CONVERSION = YES;
				CLANG_WARN_INFINITE_RECURSION = YES;
				CLANG_WARN_INT_CONVERSION = YES;
				CLANG_WARN_NON_LITERAL_NULL_CONVERSION = YES;
				CLANG_WARN_OBJC_IMPLICIT_RETAIN_SELF = YES;
				CLANG_WARN_OBJC_LITERAL_CONVERSION = YES;
				CLANG_WARN_OBJC_ROOT_CLASS = YES_ERROR;
				CLANG_WARN_RANGE_LOOP_ANALYSIS = YES;
				CLANG_WARN_STRICT_PROTOTYPES = YES;
				CLANG_WARN_SUSPICIOUS_MOVE = YES;
				CLANG_WARN_UNGUARDED_AVAILABILITY = YES_AGGRESSIVE;
				CLANG_WARN_UNREACHABLE_CODE = YES;
				CLANG_WARN__DUPLICATE_METHOD_MATCH = YES;
				COPY_PHASE_STRIP = NO;
				DEBUG_INFORMATION_FORMAT = "dwarf-with-dsym";
				ENABLE_NS_ASSERTIONS = NO;
				ENABLE_STRICT_OBJC_MSGSEND = YES;
				GCC_C_LANGUAGE_STANDARD = gnu11;
				GCC_NO_COMMON_BLOCKS = YES;
				GCC_WARN_64_TO_32_BIT_CONVERSION = YES;
				GCC_WARN_ABOUT_RETURN_TYPE = YES_ERROR;
				GCC_WARN_UNDECLARED_SELECTOR = YES;
				GCC_WARN_UNINITIALIZED_AUTOS = YES_AGGRESSIVE;
				GCC_WARN_UNUSED_FUNCTION = YES;
				GCC_WARN_UNUSED_VARIABLE = YES;
				IPHONEOS_DEPLOYMENT_TARGET = 13.2;
				MTL_ENABLE_DEBUG_INFO = NO;
				MTL_FAST_MATH = YES;
				SDKROOT = iphoneos;
				SWIFT_COMPILATION_MODE = wholemodule;
				SWIFT_OPTIMIZATION_LEVEL = "-O";
				VALIDATE_PRODUCT = YES;
			};
			name = Release;
		};
		B5377C1123A82E2A0010B144 /* Debug */ = {
			isa = XCBuildConfiguration;
			buildSettings = {
				ASSETCATALOG_COMPILER_APPICON_NAME = AppIcon;
				CODE_SIGN_STYLE = Automatic;
				DEVELOPMENT_TEAM = KELPFZXFAP;
				INFOPLIST_FILE = ReceiptsSorted/Info.plist;
				LD_RUNPATH_SEARCH_PATHS = (
					"$(inherited)",
					"@executable_path/Frameworks",
				);
				PRODUCT_BUNDLE_IDENTIFIER = com.belenko.ReceiptsSorted;
				PRODUCT_NAME = "$(TARGET_NAME)";
				SWIFT_VERSION = 5.0;
				TARGETED_DEVICE_FAMILY = "1,2";
			};
			name = Debug;
		};
		B5377C1223A82E2A0010B144 /* Release */ = {
			isa = XCBuildConfiguration;
			buildSettings = {
				ASSETCATALOG_COMPILER_APPICON_NAME = AppIcon;
				CODE_SIGN_STYLE = Automatic;
				DEVELOPMENT_TEAM = KELPFZXFAP;
				INFOPLIST_FILE = ReceiptsSorted/Info.plist;
				LD_RUNPATH_SEARCH_PATHS = (
					"$(inherited)",
					"@executable_path/Frameworks",
				);
				PRODUCT_BUNDLE_IDENTIFIER = com.belenko.ReceiptsSorted;
				PRODUCT_NAME = "$(TARGET_NAME)";
				SWIFT_VERSION = 5.0;
				TARGETED_DEVICE_FAMILY = "1,2";
			};
			name = Release;
		};
/* End XCBuildConfiguration section */

/* Begin XCConfigurationList section */
		B5377BF723A82E280010B144 /* Build configuration list for PBXProject "ReceiptsSorted" */ = {
			isa = XCConfigurationList;
			buildConfigurations = (
				B5377C0E23A82E2A0010B144 /* Debug */,
				B5377C0F23A82E2A0010B144 /* Release */,
			);
			defaultConfigurationIsVisible = 0;
			defaultConfigurationName = Release;
		};
		B5377C1023A82E2A0010B144 /* Build configuration list for PBXNativeTarget "ReceiptsSorted" */ = {
			isa = XCConfigurationList;
			buildConfigurations = (
				B5377C1123A82E2A0010B144 /* Debug */,
				B5377C1223A82E2A0010B144 /* Release */,
			);
			defaultConfigurationIsVisible = 0;
			defaultConfigurationName = Release;
		};
/* End XCConfigurationList section */

/* Begin XCVersionGroup section */
		B5DB922123BE929F0081E8D7 /* PaymentsData.xcdatamodeld */ = {
			isa = XCVersionGroup;
			children = (
				B5DB922223BE929F0081E8D7 /* PaymentsData.xcdatamodel */,
			);
			currentVersion = B5DB922223BE929F0081E8D7 /* PaymentsData.xcdatamodel */;
			path = PaymentsData.xcdatamodeld;
			sourceTree = "<group>";
			versionGroupType = wrapper.xcdatamodel;
		};
/* End XCVersionGroup section */
	};
	rootObject = B5377BF423A82E280010B144 /* Project object */;
}
